
Microsoft Visual Studio Solution File, Format Version 12.00
# Visual Studio 15
VisualStudioVersion = 15.0.28010.2050
MinimumVisualStudioVersion = 10.0.40219.1
Project("{FAE04EC0-301F-11D3-BF4B-00C04F79EFBC}") = "TestReg", "TestReg\TestReg.csproj", "{FC5FDB67-E858-4E72-AEE9-5000F287307E}"
EndProject
Project("{FAE04EC0-301F-11D3-BF4B-00C04F79EFBC}") = "DealPath", "DealPath\DealPath.csproj", "{F51DAA76-2BAA-4640-A298-31F9F69FEFB9}"
EndProject
Project("{FAE04EC0-301F-11D3-BF4B-00C04F79EFBC}") = "WpfApp1", "WpfApp1\WpfApp1.csproj", "{92280067-4F1F-43D6-B923-4B64B16831BA}"
EndProject
Project("{FAE04EC0-301F-11D3-BF4B-00C04F79EFBC}") = "Ch14Ex01", "Ch14Ex01\Ch14Ex01.csproj", "{2D31EAC7-7DF5-44CF-A4F7-3B99C017BAF0}"
EndProject
Project("{FAE04EC0-301F-11D3-BF4B-00C04F79EFBC}") = "GetClassAddrTest", "GetClassAddrTest\GetClassAddrTest.csproj", "{27DDCD1C-9535-4546-AF94-2BDED4EECA0B}"
EndProject
Project("{FAE04EC0-301F-11D3-BF4B-00C04F79EFBC}") = "MyLib", "MyLib\MyLib.csproj", "{405E26B9-0354-4637-9D8B-A7F294788E0B}"
EndProject
Project("{FAE04EC0-301F-11D3-BF4B-00C04F79EFBC}") = "遍历静态类中的所有静态成员", "遍历静态类中的所有静态成员\遍历静态类中的所有静态成员.csproj", "{4CF27852-E70D-4D0F-A5A0-23B8123076C0}"
EndProject
Project("{FAE04EC0-301F-11D3-BF4B-00C04F79EFBC}") = "WPF MediaKit", "WPF-MediaKit\WPF MediaKit.csproj", "{73154957-3D91-48DA-8068-D425B523ED93}"
EndProject
Project("{FAE04EC0-301F-11D3-BF4B-00C04F79EFBC}") = "WpfUseSelfWPF-MediaKit", "WpfUseSelfWPF-MediaKit\WpfUseSelfWPF-MediaKit.csproj", "{FAA6A356-506D-45E6-BDEE-0BD2CF0D3D46}"
EndProject
Project("{FAE04EC0-301F-11D3-BF4B-00C04F79EFBC}") = "两个类继承自同一接口会如何", "两个类继承自同一接口会如何\两个类继承自同一接口会如何.csproj", "{EB280E78-474D-4552-85BE-6B92675CEF98}"
EndProject
Project("{FAE04EC0-301F-11D3-BF4B-00C04F79EFBC}") = "数组作为函数参数时的传递问题", "数组作为函数参数时的传递问题\数组作为函数参数时的传递问题.csproj", "{66AB504B-0D59-4A08-BF34-34D61E2D450B}"
EndProject
Project("{FAE04EC0-301F-11D3-BF4B-00C04F79EFBC}") = "文件或目录的操作", "文件或目录的操作\文件或目录的操作.csproj", "{C1EA4F6A-240E-406F-98D2-37BCFECF80D0}"
EndProject
Project("{FAE04EC0-301F-11D3-BF4B-00C04F79EFBC}") = "Wpf测试显卡检测", "Wpf测试显卡检测\Wpf测试显卡检测.csproj", "{EAA6B50D-A913-4EAD-824A-DF3440A386B1}"
EndProject
Project("{FAE04EC0-301F-11D3-BF4B-00C04F79EFBC}") = "版本是否是最新", "版本是否是最新\版本是否是最新.csproj", "{B83277D4-ED07-47D6-B422-C22013D9B06D}"
EndProject
Project("{FAE04EC0-301F-11D3-BF4B-00C04F79EFBC}") = "TypeOf的用法", "TypeOf的用法\TypeOf的用法.csproj", "{E191E014-F311-4A52-A342-64854541FD7E}"
EndProject
Project("{2150E333-8FDC-42A3-9474-1A3956D46DE8}") = "SOCKET通信", "SOCKET通信", "{A40857DD-368D-4CF0-AFCF-27419F03A6E5}"
EndProject
Project("{FAE04EC0-301F-11D3-BF4B-00C04F79EFBC}") = "SocketClientV1", "Socket\SocketClientV1\SocketClientV1.csproj", "{C160BA41-C9E9-40F2-98FF-80C9DE578F20}"
EndProject
Project("{FAE04EC0-301F-11D3-BF4B-00C04F79EFBC}") = "SocketServerV1", "Socket\SocketServerV1\SocketServerV1.csproj", "{BE6B5A53-0FA6-406A-93EF-4ED5129DAE2D}"
EndProject
Project("{2150E333-8FDC-42A3-9474-1A3956D46DE8}") = "SimulateDotNetty", "SimulateDotNetty", "{D9643BFC-151A-4F7A-A2DE-9DBFE6B68DCA}"
EndProject
Project("{2150E333-8FDC-42A3-9474-1A3956D46DE8}") = "BeginOrginCSharp", "BeginOrginCSharp", "{6C98A048-6305-4D31-8C1C-0AB3998E16FF}"
EndProject
Project("{FAE04EC0-301F-11D3-BF4B-00C04F79EFBC}") = "SocketClient", "Socket\SocketClient\SocketClient.csproj", "{9B42C781-F2B0-47A2-96A8-B12E3265A0DA}"
EndProject
Project("{FAE04EC0-301F-11D3-BF4B-00C04F79EFBC}") = "SocketServer", "Socket\SocketServer\SocketServer.csproj", "{03CE7796-0E40-420C-91D6-420FC4C46603}"
EndProject
Project("{FAE04EC0-301F-11D3-BF4B-00C04F79EFBC}") = "线程ThreadOrAnother", "线程ThreadOrAnother\线程ThreadOrAnother.csproj", "{00B3B5D9-B2CC-4D97-9CF1-3F9086736C3F}"
EndProject
Project("{FAE04EC0-301F-11D3-BF4B-00C04F79EFBC}") = "SocketServerV2", "Socket\SocketServerV2\SocketServerV2.csproj", "{FE3101A5-E305-4C3B-9556-FDE95C20D00D}"
EndProject
Project("{FAE04EC0-301F-11D3-BF4B-00C04F79EFBC}") = "SocketClientV2", "Socket\SocketClientV2\SocketClientV2.csproj", "{6B931474-CBA3-465A-B209-28CBCFEE041A}"
EndProject
Project("{2150E333-8FDC-42A3-9474-1A3956D46DE8}") = "CopyFromDotNetty", "CopyFromDotNetty", "{CE3083D4-D6D6-40DA-89B9-993B6A0DEB3C}"
EndProject
Project("{FAE04EC0-301F-11D3-BF4B-00C04F79EFBC}") = "Echo.Server", "Socket\Echo.Server\Echo.Server.csproj", "{F20220E2-F7B0-47E4-B99D-220979250D79}"
EndProject
Project("{FAE04EC0-301F-11D3-BF4B-00C04F79EFBC}") = "Echo.Client", "Socket\Echo.Client\Echo.Client.csproj", "{8F16342C-D72E-4292-9081-5B83EFF9CD8E}"
EndProject
Project("{2150E333-8FDC-42A3-9474-1A3956D46DE8}") = "DotNettyInGithub", "DotNettyInGithub", "{ABFADB2D-6DEB-42C3-BD67-5F908FC7B514}"
EndProject
Project("{FAE04EC0-301F-11D3-BF4B-00C04F79EFBC}") = "获取字节中某位的值", "获取字节中某位的值\获取字节中某位的值.csproj", "{F42CAA37-1DF8-498D-830E-B894093486BD}"
EndProject
Project("{FAE04EC0-301F-11D3-BF4B-00C04F79EFBC}") = "定时器", "定时器\定时器.csproj", "{F40DF877-DB6F-468C-89E9-061FF71A4EEC}"
EndProject
Project("{FAE04EC0-301F-11D3-BF4B-00C04F79EFBC}") = "默写算法", "..\默写算法\默写算法.csproj", "{B7EC6DE6-8271-47C6-BA97-E737FF00CBAE}"
EndProject
Project("{FAE04EC0-301F-11D3-BF4B-00C04F79EFBC}") = "面试时可能会遇到的问题", "..\面试时可能会遇到的问题\面试时可能会遇到的问题.csproj", "{57FE8A94-FEB2-43D5-9F7F-3571CD6C9FCF}"
EndProject
Project("{FAE04EC0-301F-11D3-BF4B-00C04F79EFBC}") = "委托的使用", "..\委托的使用\委托的使用.csproj", "{F13C7451-C8A6-4EBA-8B70-7080610810AD}"
EndProject
Project("{FAE04EC0-301F-11D3-BF4B-00C04F79EFBC}") = "Console预处理指令", "..\Console预处理指令\Console预处理指令.csproj", "{BD478438-A17E-48D0-8534-036C877FF77F}"
EndProject
Project("{2150E333-8FDC-42A3-9474-1A3956D46DE8}") = "2019年6月觉得模糊的内容", "2019年6月觉得模糊的内容", "{824724FF-DA08-45A1-9316-125D07C25E68}"
EndProject
Project("{FAE04EC0-301F-11D3-BF4B-00C04F79EFBC}") = "类和结构的对比", "..\类和结构的对比\类和结构的对比.csproj", "{59E1A80E-5F8A-4D75-9EBB-37E0E6121905}"
EndProject
Project("{FAE04EC0-301F-11D3-BF4B-00C04F79EFBC}") = "TryCatch使用", "..\Test\TryCatch使用\TryCatch使用.csproj", "{7A504BB6-2E7C-4E23-BED1-C4D7B41FCC8A}"
EndProject
Project("{FAE04EC0-301F-11D3-BF4B-00C04F79EFBC}") = "ClassAccessLevel", "..\Test\ProtectClass\ClassAccessLevel.csproj", "{DF38AAD7-387D-4C3E-9A1B-46A37393FA2B}"
EndProject
Project("{FAE04EC0-301F-11D3-BF4B-00C04F79EFBC}") = "类继承", "..\Test\类继承\类继承.csproj", "{DDC50116-09E6-45A5-957A-671EF67DF5A2}"
EndProject
Project("{FAE04EC0-301F-11D3-BF4B-00C04F79EFBC}") = "使用等号赋值实例后改变原有实例成员值会改变赋值实例吗", "..\Test\使用等号赋值实例后改变原有实例成员值会改变赋值实例吗\使用等号赋值实例后改变原有实例成员值会改变赋值实例吗.csproj", "{9A9C505A-FFBE-4103-88DB-F59100BBA720}"
EndProject
Project("{FAE04EC0-301F-11D3-BF4B-00C04F79EFBC}") = "深拷贝浅拷贝", "..\Test\深拷贝浅拷贝\深拷贝浅拷贝.csproj", "{37CFDBFE-C09C-4755-B6FC-E88F5E81C006}"
EndProject
Project("{FAE04EC0-301F-11D3-BF4B-00C04F79EFBC}") = "SortedList_Oper", "..\Test\SortedList_Oper\SortedList_Oper.csproj", "{A8E7E75D-E79F-4553-BAC9-B9DDBA9914D9}"
EndProject
Project("{2150E333-8FDC-42A3-9474-1A3956D46DE8}") = "批量生成代码", "批量生成代码", "{8F663706-3026-4350-B1E6-9336D8DBD052}"
EndProject
Project("{FAE04EC0-301F-11D3-BF4B-00C04F79EFBC}") = "ClassLibrary1", "..\DebatchGenerateCode\ClassLibrary1\ClassLibrary1.csproj", "{D4D3D94C-7EF3-4310-9F7B-E84085DC1B25}"
EndProject
Project("{FAE04EC0-301F-11D3-BF4B-00C04F79EFBC}") = "Main", "..\DebatchGenerateCode\Main\Main.csproj", "{488EC305-9C8B-4FD0-9EB0-29A8240AAFC0}"
EndProject
Project("{FAE04EC0-301F-11D3-BF4B-00C04F79EFBC}") = "BaseClassUtils", "..\BaseClassUtils\BaseClassUtils\BaseClassUtils.csproj", "{DEE89EA1-C066-4EF9-A94F-EB9195DBB6F5}"
EndProject
Project("{FAE04EC0-301F-11D3-BF4B-00C04F79EFBC}") = "循环遍历Form中的组件", "..\Test\循环遍历Form中的组件\循环遍历Form中的组件.csproj", "{7AA85271-E741-4601-92AF-07813A3A2A1C}"
EndProject
Project("{FAE04EC0-301F-11D3-BF4B-00C04F79EFBC}") = "AddDataToICollection", "..\Test\AddDataToICollection\AddDataToICollection.csproj", "{13031DB8-90FA-43E8-85B4-FC97275ADD22}"
EndProject
Project("{FAE04EC0-301F-11D3-BF4B-00C04F79EFBC}") = "BaseFileDirOperProject", "..\BaseFileDirOperProject\BaseFileDirOperProject.csproj", "{D8F5D1B3-9B2A-4F12-A164-EC99A71B4E2A}"
EndProject
Project("{2150E333-8FDC-42A3-9474-1A3956D46DE8}") = "使用Quart定时执行任务", "使用Quart定时执行任务", "{BDDCFF9E-6CE3-4186-8469-6E17A717E3FF}"
EndProject
Project("{FAE04EC0-301F-11D3-BF4B-00C04F79EFBC}") = "QuartzNetMvcDemo", "..\Test\QuartzNetMvcDemo\QuartzNetMvcDemo.csproj", "{2646922F-6C2F-4A3F-839F-DBAF4B26BF0B}"
EndProject
Project("{FAE04EC0-301F-11D3-BF4B-00C04F79EFBC}") = "CodeFirstAppDemo", "..\CodeFirstAppDemo\CodeFirstAppDemo.csproj", "{A523AFF5-7C1E-4511-9007-1B77D1AFE60A}"
EndProject
Project("{FAE04EC0-301F-11D3-BF4B-00C04F79EFBC}") = "使用VS自带性能分析器分析代码", "..\使用VS自带性能分析器分析代码\使用VS自带性能分析器分析代码.csproj", "{56F23550-2700-4EC1-B60A-EB915072BA9E}"
EndProject
Project("{2150E333-8FDC-42A3-9474-1A3956D46DE8}") = "ExtJs", "ExtJs", "{5DDDD64B-9EB5-4FE2-A0E7-FAAA1FF61037}"
EndProject
Project("{FAE04EC0-301F-11D3-BF4B-00C04F79EFBC}") = "application", "..\ExtJsLearning\application\application.csproj", "{834054C5-90E8-43BA-81A6-28A4342067A7}"
EndProject
Project("{FAE04EC0-301F-11D3-BF4B-00C04F79EFBC}") = "WindowsFormsApp1", "..\Test\WindowsFormsApp1\WindowsFormsApp1.csproj", "{5176F9F1-64A6-488D-A179-4A51914AB079}"
EndProject
Project("{FAE04EC0-301F-11D3-BF4B-00C04F79EFBC}") = "ControlInvoke", "..\Test\ControlInvoke\ControlInvoke.csproj", "{D0423D5C-7206-40F7-A7F7-48A3347C0D88}"
EndProject
Project("{2150E333-8FDC-42A3-9474-1A3956D46DE8}") = "多线程", "多线程", "{62F540C4-C010-4F76-9A51-530478D885AC}"
EndProject
Project("{FAE04EC0-301F-11D3-BF4B-00C04F79EFBC}") = "ManualResetEventSlim_Test", "..\Test\ManualResetEventSlim_Test\ManualResetEventSlim_Test.csproj", "{0904E383-A6DB-4A83-83E9-1CE78A2C7845}"
EndProject
Project("{FAE04EC0-301F-11D3-BF4B-00C04F79EFBC}") = "ReplaceString", "..\Tool_wu\ReplaceString\ReplaceString.csproj", "{186A07C1-94D4-48F9-9B07-1296144B4B63}"
EndProject
Project("{FAE04EC0-301F-11D3-BF4B-00C04F79EFBC}") = "使用dos命令执行批量的sql操作权限和增删查改", "..\Tool_wu\使用dos命令执行批量的sql操作权限和增删查改\使用dos命令执行批量的sql操作权限和增删查改.csproj", "{3ED42310-EA04-4D1B-9892-EE0E48A0D4BF}"
EndProject
Project("{FAE04EC0-301F-11D3-BF4B-00C04F79EFBC}") = "LinqOper", "..\Test\LinqOper\LinqOper.csproj", "{5B666727-B8E3-462F-8B66-351CA7148A46}"
EndProject
Project("{FAE04EC0-301F-11D3-BF4B-00C04F79EFBC}") = "DealImage", "..\Tool_wu\DealImage\DealImage.csproj", "{D3CBF3E1-117D-43CC-99C8-7002F8414B15}"
EndProject
Project("{2150E333-8FDC-42A3-9474-1A3956D46DE8}") = "Tool_wu", "Tool_wu", "{4DCA7E4A-A2B3-4C46-B12F-D16042527006}"
EndProject
Project("{FAE04EC0-301F-11D3-BF4B-00C04F79EFBC}") = "LEDProject", "..\LEDProject\LEDProject.csproj", "{8822FAF1-7B6E-4258-B671-65C686DED406}"
EndProject
Project("{FAE04EC0-301F-11D3-BF4B-00C04F79EFBC}") = "TimerConsoleApp1", "..\Test\TimerConsoleApp1\TimerConsoleApp1.csproj", "{35F73549-DA47-4886-812E-847FC583F0B5}"
EndProject
Project("{2150E333-8FDC-42A3-9474-1A3956D46DE8}") = "LEDUtilsTest", "LEDUtilsTest", "{7389DF99-D7AB-4D92-8429-125AAE26639F}"
EndProject
Project("{FAE04EC0-301F-11D3-BF4B-00C04F79EFBC}") = "EQWindowsFormsApp2", "..\LED\EQWindowsFormsApp2\EQWindowsFormsApp2.csproj", "{6BF940F1-0AF8-4739-866A-4912B7CC5DDE}"
EndProject
Project("{FAE04EC0-301F-11D3-BF4B-00C04F79EFBC}") = "Server_WebApplication1", "..\WebService\Server_WebApplication1\Server_WebApplication1.csproj", "{7EF4A80B-E0BF-4E02-B3AC-3FF780BC2801}"
EndProject
Project("{2150E333-8FDC-42A3-9474-1A3956D46DE8}") = "WebService", "WebService", "{13301F96-81B5-43B7-9A73-5742A182CB79}"
EndProject
Project("{FAE04EC0-301F-11D3-BF4B-00C04F79EFBC}") = "Client_ConsoleApp1", "..\WebService\Client_ConsoleApp1\Client_ConsoleApp1.csproj", "{CCC4B2FB-5BA0-4182-B83C-7BEC63DF7303}"
EndProject
Project("{9A19103F-16F7-4668-BE54-9A1E7A4F7556}") = "Client_WebApplication1", "..\WebService\Client_WebApplication1\Client_WebApplication1.csproj", "{ECA23C42-1663-4FC9-9C48-881F2B50D020}"
EndProject
Project("{2150E333-8FDC-42A3-9474-1A3956D46DE8}") = "XMLTest", "XMLTest", "{44721CFD-6B8C-4BF7-8F78-ADB9F6E3B884}"
EndProject
Project("{FAE04EC0-301F-11D3-BF4B-00C04F79EFBC}") = "HNLY", "HNLY\HNLY.csproj", "{7D39C641-6DA8-40BB-AA80-E4D106C3D946}"
EndProject
Project("{FAE04EC0-301F-11D3-BF4B-00C04F79EFBC}") = "DateDeal", "..\Test\DateDeal\DateDeal.csproj", "{255FC55A-8732-4C8B-B54C-FCEF5C6C1374}"
EndProject
Project("{FAE04EC0-301F-11D3-BF4B-00C04F79EFBC}") = "CommMethod", "..\WebService\CommMethod\CommMethod.csproj", "{13191480-799A-4B06-8A27-F1567F105957}"
EndProject
Project("{2150E333-8FDC-42A3-9474-1A3956D46DE8}") = "test", "test", "{BAF11480-A3AC-4C75-BA80-1E123B2EFB15}"
EndProject
Project("{FAE04EC0-301F-11D3-BF4B-00C04F79EFBC}") = "ExportAttribute", "..\Test\ExportAttribute\ExportAttribute.csproj", "{CB7A675C-8F7F-4857-A025-B076BDAE1245}"
EndProject
Project("{FAE04EC0-301F-11D3-BF4B-00C04F79EFBC}") = "MEFDemo", "..\MEF\MEFDemo\MEFDemo.csproj", "{F80027AA-E9D1-4A33-8094-044820C59E4C}"
EndProject
Project("{FAE04EC0-301F-11D3-BF4B-00C04F79EFBC}") = "JSONProject", "..\Test\JSONProject\JSONProject.csproj", "{2CFE0522-E2B1-4569-8FEC-2C7976220DCA}"
EndProject
Project("{FAE04EC0-301F-11D3-BF4B-00C04F79EFBC}") = "文件是否上传到服务器", "文件是否上传到服务器\文件是否上传到服务器.csproj", "{CD800AAC-F80C-4C60-9D7C-A7DE4FA22496}"
EndProject
Project("{FAE04EC0-301F-11D3-BF4B-00C04F79EFBC}") = "LEDProject_WebApplication1", "..\Test\LEDProject_WebApplication1\LEDProject_WebApplication1.csproj", "{97C900C5-E5A1-40C5-9874-15C10A549BAE}"
EndProject
Project("{FAE04EC0-301F-11D3-BF4B-00C04F79EFBC}") = "EQ2008_Dll_CSharp", "..\LED\EQ2008_Dll_CSharp\EQ2008_Dll_CSharp.csproj", "{705DBCEE-9C08-4775-BBB0-7A91D1E4566D}"
EndProject
Global
	GlobalSection(SolutionConfigurationPlatforms) = preSolution
		Debug|Any CPU = Debug|Any CPU
		Debug|x64 = Debug|x64
		Debug|x86 = Debug|x86
		Release|Any CPU = Release|Any CPU
		Release|x64 = Release|x64
		Release|x86 = Release|x86
	EndGlobalSection
	GlobalSection(ProjectConfigurationPlatforms) = postSolution
		{FC5FDB67-E858-4E72-AEE9-5000F287307E}.Debug|Any CPU.ActiveCfg = Debug|Any CPU
		{FC5FDB67-E858-4E72-AEE9-5000F287307E}.Debug|Any CPU.Build.0 = Debug|Any CPU
		{FC5FDB67-E858-4E72-AEE9-5000F287307E}.Debug|x64.ActiveCfg = Debug|Any CPU
		{FC5FDB67-E858-4E72-AEE9-5000F287307E}.Debug|x64.Build.0 = Debug|Any CPU
		{FC5FDB67-E858-4E72-AEE9-5000F287307E}.Debug|x86.ActiveCfg = Debug|Any CPU
		{FC5FDB67-E858-4E72-AEE9-5000F287307E}.Debug|x86.Build.0 = Debug|Any CPU
		{FC5FDB67-E858-4E72-AEE9-5000F287307E}.Release|Any CPU.ActiveCfg = Release|Any CPU
		{FC5FDB67-E858-4E72-AEE9-5000F287307E}.Release|Any CPU.Build.0 = Release|Any CPU
		{FC5FDB67-E858-4E72-AEE9-5000F287307E}.Release|x64.ActiveCfg = Release|Any CPU
		{FC5FDB67-E858-4E72-AEE9-5000F287307E}.Release|x64.Build.0 = Release|Any CPU
		{FC5FDB67-E858-4E72-AEE9-5000F287307E}.Release|x86.ActiveCfg = Release|Any CPU
		{FC5FDB67-E858-4E72-AEE9-5000F287307E}.Release|x86.Build.0 = Release|Any CPU
		{F51DAA76-2BAA-4640-A298-31F9F69FEFB9}.Debug|Any CPU.ActiveCfg = Debug|Any CPU
		{F51DAA76-2BAA-4640-A298-31F9F69FEFB9}.Debug|Any CPU.Build.0 = Debug|Any CPU
		{F51DAA76-2BAA-4640-A298-31F9F69FEFB9}.Debug|x64.ActiveCfg = Debug|Any CPU
		{F51DAA76-2BAA-4640-A298-31F9F69FEFB9}.Debug|x64.Build.0 = Debug|Any CPU
		{F51DAA76-2BAA-4640-A298-31F9F69FEFB9}.Debug|x86.ActiveCfg = Debug|Any CPU
		{F51DAA76-2BAA-4640-A298-31F9F69FEFB9}.Debug|x86.Build.0 = Debug|Any CPU
		{F51DAA76-2BAA-4640-A298-31F9F69FEFB9}.Release|Any CPU.ActiveCfg = Release|Any CPU
		{F51DAA76-2BAA-4640-A298-31F9F69FEFB9}.Release|Any CPU.Build.0 = Release|Any CPU
		{F51DAA76-2BAA-4640-A298-31F9F69FEFB9}.Release|x64.ActiveCfg = Release|Any CPU
		{F51DAA76-2BAA-4640-A298-31F9F69FEFB9}.Release|x64.Build.0 = Release|Any CPU
		{F51DAA76-2BAA-4640-A298-31F9F69FEFB9}.Release|x86.ActiveCfg = Release|Any CPU
		{F51DAA76-2BAA-4640-A298-31F9F69FEFB9}.Release|x86.Build.0 = Release|Any CPU
		{92280067-4F1F-43D6-B923-4B64B16831BA}.Debug|Any CPU.ActiveCfg = Debug|Any CPU
		{92280067-4F1F-43D6-B923-4B64B16831BA}.Debug|Any CPU.Build.0 = Debug|Any CPU
		{92280067-4F1F-43D6-B923-4B64B16831BA}.Debug|x64.ActiveCfg = Debug|Any CPU
		{92280067-4F1F-43D6-B923-4B64B16831BA}.Debug|x64.Build.0 = Debug|Any CPU
		{92280067-4F1F-43D6-B923-4B64B16831BA}.Debug|x86.ActiveCfg = Debug|Any CPU
		{92280067-4F1F-43D6-B923-4B64B16831BA}.Debug|x86.Build.0 = Debug|Any CPU
		{92280067-4F1F-43D6-B923-4B64B16831BA}.Release|Any CPU.ActiveCfg = Release|Any CPU
		{92280067-4F1F-43D6-B923-4B64B16831BA}.Release|Any CPU.Build.0 = Release|Any CPU
		{92280067-4F1F-43D6-B923-4B64B16831BA}.Release|x64.ActiveCfg = Release|Any CPU
		{92280067-4F1F-43D6-B923-4B64B16831BA}.Release|x64.Build.0 = Release|Any CPU
		{92280067-4F1F-43D6-B923-4B64B16831BA}.Release|x86.ActiveCfg = Release|Any CPU
		{92280067-4F1F-43D6-B923-4B64B16831BA}.Release|x86.Build.0 = Release|Any CPU
		{2D31EAC7-7DF5-44CF-A4F7-3B99C017BAF0}.Debug|Any CPU.ActiveCfg = Debug|Any CPU
		{2D31EAC7-7DF5-44CF-A4F7-3B99C017BAF0}.Debug|Any CPU.Build.0 = Debug|Any CPU
		{2D31EAC7-7DF5-44CF-A4F7-3B99C017BAF0}.Debug|x64.ActiveCfg = Debug|Any CPU
		{2D31EAC7-7DF5-44CF-A4F7-3B99C017BAF0}.Debug|x64.Build.0 = Debug|Any CPU
		{2D31EAC7-7DF5-44CF-A4F7-3B99C017BAF0}.Debug|x86.ActiveCfg = Debug|Any CPU
		{2D31EAC7-7DF5-44CF-A4F7-3B99C017BAF0}.Debug|x86.Build.0 = Debug|Any CPU
		{2D31EAC7-7DF5-44CF-A4F7-3B99C017BAF0}.Release|Any CPU.ActiveCfg = Release|Any CPU
		{2D31EAC7-7DF5-44CF-A4F7-3B99C017BAF0}.Release|Any CPU.Build.0 = Release|Any CPU
		{2D31EAC7-7DF5-44CF-A4F7-3B99C017BAF0}.Release|x64.ActiveCfg = Release|Any CPU
		{2D31EAC7-7DF5-44CF-A4F7-3B99C017BAF0}.Release|x64.Build.0 = Release|Any CPU
		{2D31EAC7-7DF5-44CF-A4F7-3B99C017BAF0}.Release|x86.ActiveCfg = Release|Any CPU
		{2D31EAC7-7DF5-44CF-A4F7-3B99C017BAF0}.Release|x86.Build.0 = Release|Any CPU
		{27DDCD1C-9535-4546-AF94-2BDED4EECA0B}.Debug|Any CPU.ActiveCfg = Debug|Any CPU
		{27DDCD1C-9535-4546-AF94-2BDED4EECA0B}.Debug|Any CPU.Build.0 = Debug|Any CPU
		{27DDCD1C-9535-4546-AF94-2BDED4EECA0B}.Debug|x64.ActiveCfg = Debug|Any CPU
		{27DDCD1C-9535-4546-AF94-2BDED4EECA0B}.Debug|x64.Build.0 = Debug|Any CPU
		{27DDCD1C-9535-4546-AF94-2BDED4EECA0B}.Debug|x86.ActiveCfg = Debug|Any CPU
		{27DDCD1C-9535-4546-AF94-2BDED4EECA0B}.Debug|x86.Build.0 = Debug|Any CPU
		{27DDCD1C-9535-4546-AF94-2BDED4EECA0B}.Release|Any CPU.ActiveCfg = Release|Any CPU
		{27DDCD1C-9535-4546-AF94-2BDED4EECA0B}.Release|Any CPU.Build.0 = Release|Any CPU
		{27DDCD1C-9535-4546-AF94-2BDED4EECA0B}.Release|x64.ActiveCfg = Release|Any CPU
		{27DDCD1C-9535-4546-AF94-2BDED4EECA0B}.Release|x64.Build.0 = Release|Any CPU
		{27DDCD1C-9535-4546-AF94-2BDED4EECA0B}.Release|x86.ActiveCfg = Release|Any CPU
		{27DDCD1C-9535-4546-AF94-2BDED4EECA0B}.Release|x86.Build.0 = Release|Any CPU
		{405E26B9-0354-4637-9D8B-A7F294788E0B}.Debug|Any CPU.ActiveCfg = Debug|Any CPU
		{405E26B9-0354-4637-9D8B-A7F294788E0B}.Debug|Any CPU.Build.0 = Debug|Any CPU
		{405E26B9-0354-4637-9D8B-A7F294788E0B}.Debug|x64.ActiveCfg = Debug|Any CPU
		{405E26B9-0354-4637-9D8B-A7F294788E0B}.Debug|x64.Build.0 = Debug|Any CPU
		{405E26B9-0354-4637-9D8B-A7F294788E0B}.Debug|x86.ActiveCfg = Debug|Any CPU
		{405E26B9-0354-4637-9D8B-A7F294788E0B}.Debug|x86.Build.0 = Debug|Any CPU
		{405E26B9-0354-4637-9D8B-A7F294788E0B}.Release|Any CPU.ActiveCfg = Release|Any CPU
		{405E26B9-0354-4637-9D8B-A7F294788E0B}.Release|Any CPU.Build.0 = Release|Any CPU
		{405E26B9-0354-4637-9D8B-A7F294788E0B}.Release|x64.ActiveCfg = Release|Any CPU
		{405E26B9-0354-4637-9D8B-A7F294788E0B}.Release|x64.Build.0 = Release|Any CPU
		{405E26B9-0354-4637-9D8B-A7F294788E0B}.Release|x86.ActiveCfg = Release|Any CPU
		{405E26B9-0354-4637-9D8B-A7F294788E0B}.Release|x86.Build.0 = Release|Any CPU
		{4CF27852-E70D-4D0F-A5A0-23B8123076C0}.Debug|Any CPU.ActiveCfg = Debug|Any CPU
		{4CF27852-E70D-4D0F-A5A0-23B8123076C0}.Debug|Any CPU.Build.0 = Debug|Any CPU
		{4CF27852-E70D-4D0F-A5A0-23B8123076C0}.Debug|x64.ActiveCfg = Debug|Any CPU
		{4CF27852-E70D-4D0F-A5A0-23B8123076C0}.Debug|x64.Build.0 = Debug|Any CPU
		{4CF27852-E70D-4D0F-A5A0-23B8123076C0}.Debug|x86.ActiveCfg = Debug|Any CPU
		{4CF27852-E70D-4D0F-A5A0-23B8123076C0}.Debug|x86.Build.0 = Debug|Any CPU
		{4CF27852-E70D-4D0F-A5A0-23B8123076C0}.Release|Any CPU.ActiveCfg = Release|Any CPU
		{4CF27852-E70D-4D0F-A5A0-23B8123076C0}.Release|Any CPU.Build.0 = Release|Any CPU
		{4CF27852-E70D-4D0F-A5A0-23B8123076C0}.Release|x64.ActiveCfg = Release|Any CPU
		{4CF27852-E70D-4D0F-A5A0-23B8123076C0}.Release|x64.Build.0 = Release|Any CPU
		{4CF27852-E70D-4D0F-A5A0-23B8123076C0}.Release|x86.ActiveCfg = Release|Any CPU
		{4CF27852-E70D-4D0F-A5A0-23B8123076C0}.Release|x86.Build.0 = Release|Any CPU
		{73154957-3D91-48DA-8068-D425B523ED93}.Debug|Any CPU.ActiveCfg = Debug|Any CPU
		{73154957-3D91-48DA-8068-D425B523ED93}.Debug|Any CPU.Build.0 = Debug|Any CPU
		{73154957-3D91-48DA-8068-D425B523ED93}.Debug|x64.ActiveCfg = Debug|Any CPU
		{73154957-3D91-48DA-8068-D425B523ED93}.Debug|x64.Build.0 = Debug|Any CPU
		{73154957-3D91-48DA-8068-D425B523ED93}.Debug|x86.ActiveCfg = Debug|Any CPU
		{73154957-3D91-48DA-8068-D425B523ED93}.Debug|x86.Build.0 = Debug|Any CPU
		{73154957-3D91-48DA-8068-D425B523ED93}.Release|Any CPU.ActiveCfg = Release|Any CPU
		{73154957-3D91-48DA-8068-D425B523ED93}.Release|Any CPU.Build.0 = Release|Any CPU
		{73154957-3D91-48DA-8068-D425B523ED93}.Release|x64.ActiveCfg = Release|Any CPU
		{73154957-3D91-48DA-8068-D425B523ED93}.Release|x64.Build.0 = Release|Any CPU
		{73154957-3D91-48DA-8068-D425B523ED93}.Release|x86.ActiveCfg = Release|Any CPU
		{73154957-3D91-48DA-8068-D425B523ED93}.Release|x86.Build.0 = Release|Any CPU
		{FAA6A356-506D-45E6-BDEE-0BD2CF0D3D46}.Debug|Any CPU.ActiveCfg = Debug|Any CPU
		{FAA6A356-506D-45E6-BDEE-0BD2CF0D3D46}.Debug|Any CPU.Build.0 = Debug|Any CPU
		{FAA6A356-506D-45E6-BDEE-0BD2CF0D3D46}.Debug|x64.ActiveCfg = Debug|Any CPU
		{FAA6A356-506D-45E6-BDEE-0BD2CF0D3D46}.Debug|x64.Build.0 = Debug|Any CPU
		{FAA6A356-506D-45E6-BDEE-0BD2CF0D3D46}.Debug|x86.ActiveCfg = Debug|Any CPU
		{FAA6A356-506D-45E6-BDEE-0BD2CF0D3D46}.Debug|x86.Build.0 = Debug|Any CPU
		{FAA6A356-506D-45E6-BDEE-0BD2CF0D3D46}.Release|Any CPU.ActiveCfg = Release|Any CPU
		{FAA6A356-506D-45E6-BDEE-0BD2CF0D3D46}.Release|Any CPU.Build.0 = Release|Any CPU
		{FAA6A356-506D-45E6-BDEE-0BD2CF0D3D46}.Release|x64.ActiveCfg = Release|Any CPU
		{FAA6A356-506D-45E6-BDEE-0BD2CF0D3D46}.Release|x64.Build.0 = Release|Any CPU
		{FAA6A356-506D-45E6-BDEE-0BD2CF0D3D46}.Release|x86.ActiveCfg = Release|Any CPU
		{FAA6A356-506D-45E6-BDEE-0BD2CF0D3D46}.Release|x86.Build.0 = Release|Any CPU
		{EB280E78-474D-4552-85BE-6B92675CEF98}.Debug|Any CPU.ActiveCfg = Debug|Any CPU
		{EB280E78-474D-4552-85BE-6B92675CEF98}.Debug|Any CPU.Build.0 = Debug|Any CPU
		{EB280E78-474D-4552-85BE-6B92675CEF98}.Debug|x64.ActiveCfg = Debug|Any CPU
		{EB280E78-474D-4552-85BE-6B92675CEF98}.Debug|x64.Build.0 = Debug|Any CPU
		{EB280E78-474D-4552-85BE-6B92675CEF98}.Debug|x86.ActiveCfg = Debug|Any CPU
		{EB280E78-474D-4552-85BE-6B92675CEF98}.Debug|x86.Build.0 = Debug|Any CPU
		{EB280E78-474D-4552-85BE-6B92675CEF98}.Release|Any CPU.ActiveCfg = Release|Any CPU
		{EB280E78-474D-4552-85BE-6B92675CEF98}.Release|Any CPU.Build.0 = Release|Any CPU
		{EB280E78-474D-4552-85BE-6B92675CEF98}.Release|x64.ActiveCfg = Release|Any CPU
		{EB280E78-474D-4552-85BE-6B92675CEF98}.Release|x64.Build.0 = Release|Any CPU
		{EB280E78-474D-4552-85BE-6B92675CEF98}.Release|x86.ActiveCfg = Release|Any CPU
		{EB280E78-474D-4552-85BE-6B92675CEF98}.Release|x86.Build.0 = Release|Any CPU
		{66AB504B-0D59-4A08-BF34-34D61E2D450B}.Debug|Any CPU.ActiveCfg = Debug|Any CPU
		{66AB504B-0D59-4A08-BF34-34D61E2D450B}.Debug|Any CPU.Build.0 = Debug|Any CPU
		{66AB504B-0D59-4A08-BF34-34D61E2D450B}.Debug|x64.ActiveCfg = Debug|Any CPU
		{66AB504B-0D59-4A08-BF34-34D61E2D450B}.Debug|x64.Build.0 = Debug|Any CPU
		{66AB504B-0D59-4A08-BF34-34D61E2D450B}.Debug|x86.ActiveCfg = Debug|Any CPU
		{66AB504B-0D59-4A08-BF34-34D61E2D450B}.Debug|x86.Build.0 = Debug|Any CPU
		{66AB504B-0D59-4A08-BF34-34D61E2D450B}.Release|Any CPU.ActiveCfg = Release|Any CPU
		{66AB504B-0D59-4A08-BF34-34D61E2D450B}.Release|Any CPU.Build.0 = Release|Any CPU
		{66AB504B-0D59-4A08-BF34-34D61E2D450B}.Release|x64.ActiveCfg = Release|Any CPU
		{66AB504B-0D59-4A08-BF34-34D61E2D450B}.Release|x64.Build.0 = Release|Any CPU
		{66AB504B-0D59-4A08-BF34-34D61E2D450B}.Release|x86.ActiveCfg = Release|Any CPU
		{66AB504B-0D59-4A08-BF34-34D61E2D450B}.Release|x86.Build.0 = Release|Any CPU
		{C1EA4F6A-240E-406F-98D2-37BCFECF80D0}.Debug|Any CPU.ActiveCfg = Debug|Any CPU
		{C1EA4F6A-240E-406F-98D2-37BCFECF80D0}.Debug|Any CPU.Build.0 = Debug|Any CPU
		{C1EA4F6A-240E-406F-98D2-37BCFECF80D0}.Debug|x64.ActiveCfg = Debug|Any CPU
		{C1EA4F6A-240E-406F-98D2-37BCFECF80D0}.Debug|x64.Build.0 = Debug|Any CPU
		{C1EA4F6A-240E-406F-98D2-37BCFECF80D0}.Debug|x86.ActiveCfg = Debug|Any CPU
		{C1EA4F6A-240E-406F-98D2-37BCFECF80D0}.Debug|x86.Build.0 = Debug|Any CPU
		{C1EA4F6A-240E-406F-98D2-37BCFECF80D0}.Release|Any CPU.ActiveCfg = Release|Any CPU
		{C1EA4F6A-240E-406F-98D2-37BCFECF80D0}.Release|Any CPU.Build.0 = Release|Any CPU
		{C1EA4F6A-240E-406F-98D2-37BCFECF80D0}.Release|x64.ActiveCfg = Release|Any CPU
		{C1EA4F6A-240E-406F-98D2-37BCFECF80D0}.Release|x64.Build.0 = Release|Any CPU
		{C1EA4F6A-240E-406F-98D2-37BCFECF80D0}.Release|x86.ActiveCfg = Release|Any CPU
		{C1EA4F6A-240E-406F-98D2-37BCFECF80D0}.Release|x86.Build.0 = Release|Any CPU
		{EAA6B50D-A913-4EAD-824A-DF3440A386B1}.Debug|Any CPU.ActiveCfg = Debug|Any CPU
		{EAA6B50D-A913-4EAD-824A-DF3440A386B1}.Debug|Any CPU.Build.0 = Debug|Any CPU
		{EAA6B50D-A913-4EAD-824A-DF3440A386B1}.Debug|x64.ActiveCfg = Debug|Any CPU
		{EAA6B50D-A913-4EAD-824A-DF3440A386B1}.Debug|x64.Build.0 = Debug|Any CPU
		{EAA6B50D-A913-4EAD-824A-DF3440A386B1}.Debug|x86.ActiveCfg = Debug|Any CPU
		{EAA6B50D-A913-4EAD-824A-DF3440A386B1}.Debug|x86.Build.0 = Debug|Any CPU
		{EAA6B50D-A913-4EAD-824A-DF3440A386B1}.Release|Any CPU.ActiveCfg = Release|Any CPU
		{EAA6B50D-A913-4EAD-824A-DF3440A386B1}.Release|Any CPU.Build.0 = Release|Any CPU
		{EAA6B50D-A913-4EAD-824A-DF3440A386B1}.Release|x64.ActiveCfg = Release|Any CPU
		{EAA6B50D-A913-4EAD-824A-DF3440A386B1}.Release|x64.Build.0 = Release|Any CPU
		{EAA6B50D-A913-4EAD-824A-DF3440A386B1}.Release|x86.ActiveCfg = Release|Any CPU
		{EAA6B50D-A913-4EAD-824A-DF3440A386B1}.Release|x86.Build.0 = Release|Any CPU
		{B83277D4-ED07-47D6-B422-C22013D9B06D}.Debug|Any CPU.ActiveCfg = Debug|Any CPU
		{B83277D4-ED07-47D6-B422-C22013D9B06D}.Debug|Any CPU.Build.0 = Debug|Any CPU
		{B83277D4-ED07-47D6-B422-C22013D9B06D}.Debug|x64.ActiveCfg = Debug|Any CPU
		{B83277D4-ED07-47D6-B422-C22013D9B06D}.Debug|x64.Build.0 = Debug|Any CPU
		{B83277D4-ED07-47D6-B422-C22013D9B06D}.Debug|x86.ActiveCfg = Debug|Any CPU
		{B83277D4-ED07-47D6-B422-C22013D9B06D}.Debug|x86.Build.0 = Debug|Any CPU
		{B83277D4-ED07-47D6-B422-C22013D9B06D}.Release|Any CPU.ActiveCfg = Release|Any CPU
		{B83277D4-ED07-47D6-B422-C22013D9B06D}.Release|Any CPU.Build.0 = Release|Any CPU
		{B83277D4-ED07-47D6-B422-C22013D9B06D}.Release|x64.ActiveCfg = Release|Any CPU
		{B83277D4-ED07-47D6-B422-C22013D9B06D}.Release|x64.Build.0 = Release|Any CPU
		{B83277D4-ED07-47D6-B422-C22013D9B06D}.Release|x86.ActiveCfg = Release|Any CPU
		{B83277D4-ED07-47D6-B422-C22013D9B06D}.Release|x86.Build.0 = Release|Any CPU
		{E191E014-F311-4A52-A342-64854541FD7E}.Debug|Any CPU.ActiveCfg = Debug|Any CPU
		{E191E014-F311-4A52-A342-64854541FD7E}.Debug|Any CPU.Build.0 = Debug|Any CPU
		{E191E014-F311-4A52-A342-64854541FD7E}.Debug|x64.ActiveCfg = Debug|Any CPU
		{E191E014-F311-4A52-A342-64854541FD7E}.Debug|x64.Build.0 = Debug|Any CPU
		{E191E014-F311-4A52-A342-64854541FD7E}.Debug|x86.ActiveCfg = Debug|Any CPU
		{E191E014-F311-4A52-A342-64854541FD7E}.Debug|x86.Build.0 = Debug|Any CPU
		{E191E014-F311-4A52-A342-64854541FD7E}.Release|Any CPU.ActiveCfg = Release|Any CPU
		{E191E014-F311-4A52-A342-64854541FD7E}.Release|Any CPU.Build.0 = Release|Any CPU
		{E191E014-F311-4A52-A342-64854541FD7E}.Release|x64.ActiveCfg = Release|Any CPU
		{E191E014-F311-4A52-A342-64854541FD7E}.Release|x64.Build.0 = Release|Any CPU
		{E191E014-F311-4A52-A342-64854541FD7E}.Release|x86.ActiveCfg = Release|Any CPU
		{E191E014-F311-4A52-A342-64854541FD7E}.Release|x86.Build.0 = Release|Any CPU
		{C160BA41-C9E9-40F2-98FF-80C9DE578F20}.Debug|Any CPU.ActiveCfg = Debug|Any CPU
		{C160BA41-C9E9-40F2-98FF-80C9DE578F20}.Debug|Any CPU.Build.0 = Debug|Any CPU
		{C160BA41-C9E9-40F2-98FF-80C9DE578F20}.Debug|x64.ActiveCfg = Debug|Any CPU
		{C160BA41-C9E9-40F2-98FF-80C9DE578F20}.Debug|x64.Build.0 = Debug|Any CPU
		{C160BA41-C9E9-40F2-98FF-80C9DE578F20}.Debug|x86.ActiveCfg = Debug|Any CPU
		{C160BA41-C9E9-40F2-98FF-80C9DE578F20}.Debug|x86.Build.0 = Debug|Any CPU
		{C160BA41-C9E9-40F2-98FF-80C9DE578F20}.Release|Any CPU.ActiveCfg = Release|Any CPU
		{C160BA41-C9E9-40F2-98FF-80C9DE578F20}.Release|Any CPU.Build.0 = Release|Any CPU
		{C160BA41-C9E9-40F2-98FF-80C9DE578F20}.Release|x64.ActiveCfg = Release|Any CPU
		{C160BA41-C9E9-40F2-98FF-80C9DE578F20}.Release|x64.Build.0 = Release|Any CPU
		{C160BA41-C9E9-40F2-98FF-80C9DE578F20}.Release|x86.ActiveCfg = Release|Any CPU
		{C160BA41-C9E9-40F2-98FF-80C9DE578F20}.Release|x86.Build.0 = Release|Any CPU
		{BE6B5A53-0FA6-406A-93EF-4ED5129DAE2D}.Debug|Any CPU.ActiveCfg = Debug|Any CPU
		{BE6B5A53-0FA6-406A-93EF-4ED5129DAE2D}.Debug|Any CPU.Build.0 = Debug|Any CPU
		{BE6B5A53-0FA6-406A-93EF-4ED5129DAE2D}.Debug|x64.ActiveCfg = Debug|Any CPU
		{BE6B5A53-0FA6-406A-93EF-4ED5129DAE2D}.Debug|x64.Build.0 = Debug|Any CPU
		{BE6B5A53-0FA6-406A-93EF-4ED5129DAE2D}.Debug|x86.ActiveCfg = Debug|Any CPU
		{BE6B5A53-0FA6-406A-93EF-4ED5129DAE2D}.Debug|x86.Build.0 = Debug|Any CPU
		{BE6B5A53-0FA6-406A-93EF-4ED5129DAE2D}.Release|Any CPU.ActiveCfg = Release|Any CPU
		{BE6B5A53-0FA6-406A-93EF-4ED5129DAE2D}.Release|Any CPU.Build.0 = Release|Any CPU
		{BE6B5A53-0FA6-406A-93EF-4ED5129DAE2D}.Release|x64.ActiveCfg = Release|Any CPU
		{BE6B5A53-0FA6-406A-93EF-4ED5129DAE2D}.Release|x64.Build.0 = Release|Any CPU
		{BE6B5A53-0FA6-406A-93EF-4ED5129DAE2D}.Release|x86.ActiveCfg = Release|Any CPU
		{BE6B5A53-0FA6-406A-93EF-4ED5129DAE2D}.Release|x86.Build.0 = Release|Any CPU
		{9B42C781-F2B0-47A2-96A8-B12E3265A0DA}.Debug|Any CPU.ActiveCfg = Debug|Any CPU
		{9B42C781-F2B0-47A2-96A8-B12E3265A0DA}.Debug|Any CPU.Build.0 = Debug|Any CPU
		{9B42C781-F2B0-47A2-96A8-B12E3265A0DA}.Debug|x64.ActiveCfg = Debug|Any CPU
		{9B42C781-F2B0-47A2-96A8-B12E3265A0DA}.Debug|x64.Build.0 = Debug|Any CPU
		{9B42C781-F2B0-47A2-96A8-B12E3265A0DA}.Debug|x86.ActiveCfg = Debug|Any CPU
		{9B42C781-F2B0-47A2-96A8-B12E3265A0DA}.Debug|x86.Build.0 = Debug|Any CPU
		{9B42C781-F2B0-47A2-96A8-B12E3265A0DA}.Release|Any CPU.ActiveCfg = Release|Any CPU
		{9B42C781-F2B0-47A2-96A8-B12E3265A0DA}.Release|Any CPU.Build.0 = Release|Any CPU
		{9B42C781-F2B0-47A2-96A8-B12E3265A0DA}.Release|x64.ActiveCfg = Release|Any CPU
		{9B42C781-F2B0-47A2-96A8-B12E3265A0DA}.Release|x64.Build.0 = Release|Any CPU
		{9B42C781-F2B0-47A2-96A8-B12E3265A0DA}.Release|x86.ActiveCfg = Release|Any CPU
		{9B42C781-F2B0-47A2-96A8-B12E3265A0DA}.Release|x86.Build.0 = Release|Any CPU
		{03CE7796-0E40-420C-91D6-420FC4C46603}.Debug|Any CPU.ActiveCfg = Debug|Any CPU
		{03CE7796-0E40-420C-91D6-420FC4C46603}.Debug|Any CPU.Build.0 = Debug|Any CPU
		{03CE7796-0E40-420C-91D6-420FC4C46603}.Debug|x64.ActiveCfg = Debug|Any CPU
		{03CE7796-0E40-420C-91D6-420FC4C46603}.Debug|x64.Build.0 = Debug|Any CPU
		{03CE7796-0E40-420C-91D6-420FC4C46603}.Debug|x86.ActiveCfg = Debug|Any CPU
		{03CE7796-0E40-420C-91D6-420FC4C46603}.Debug|x86.Build.0 = Debug|Any CPU
		{03CE7796-0E40-420C-91D6-420FC4C46603}.Release|Any CPU.ActiveCfg = Release|Any CPU
		{03CE7796-0E40-420C-91D6-420FC4C46603}.Release|Any CPU.Build.0 = Release|Any CPU
		{03CE7796-0E40-420C-91D6-420FC4C46603}.Release|x64.ActiveCfg = Release|Any CPU
		{03CE7796-0E40-420C-91D6-420FC4C46603}.Release|x64.Build.0 = Release|Any CPU
		{03CE7796-0E40-420C-91D6-420FC4C46603}.Release|x86.ActiveCfg = Release|Any CPU
		{03CE7796-0E40-420C-91D6-420FC4C46603}.Release|x86.Build.0 = Release|Any CPU
		{00B3B5D9-B2CC-4D97-9CF1-3F9086736C3F}.Debug|Any CPU.ActiveCfg = Debug|Any CPU
		{00B3B5D9-B2CC-4D97-9CF1-3F9086736C3F}.Debug|Any CPU.Build.0 = Debug|Any CPU
		{00B3B5D9-B2CC-4D97-9CF1-3F9086736C3F}.Debug|x64.ActiveCfg = Debug|Any CPU
		{00B3B5D9-B2CC-4D97-9CF1-3F9086736C3F}.Debug|x64.Build.0 = Debug|Any CPU
		{00B3B5D9-B2CC-4D97-9CF1-3F9086736C3F}.Debug|x86.ActiveCfg = Debug|Any CPU
		{00B3B5D9-B2CC-4D97-9CF1-3F9086736C3F}.Debug|x86.Build.0 = Debug|Any CPU
		{00B3B5D9-B2CC-4D97-9CF1-3F9086736C3F}.Release|Any CPU.ActiveCfg = Release|Any CPU
		{00B3B5D9-B2CC-4D97-9CF1-3F9086736C3F}.Release|Any CPU.Build.0 = Release|Any CPU
		{00B3B5D9-B2CC-4D97-9CF1-3F9086736C3F}.Release|x64.ActiveCfg = Release|Any CPU
		{00B3B5D9-B2CC-4D97-9CF1-3F9086736C3F}.Release|x64.Build.0 = Release|Any CPU
		{00B3B5D9-B2CC-4D97-9CF1-3F9086736C3F}.Release|x86.ActiveCfg = Release|Any CPU
		{00B3B5D9-B2CC-4D97-9CF1-3F9086736C3F}.Release|x86.Build.0 = Release|Any CPU
		{FE3101A5-E305-4C3B-9556-FDE95C20D00D}.Debug|Any CPU.ActiveCfg = Debug|Any CPU
		{FE3101A5-E305-4C3B-9556-FDE95C20D00D}.Debug|Any CPU.Build.0 = Debug|Any CPU
		{FE3101A5-E305-4C3B-9556-FDE95C20D00D}.Debug|x64.ActiveCfg = Debug|Any CPU
		{FE3101A5-E305-4C3B-9556-FDE95C20D00D}.Debug|x64.Build.0 = Debug|Any CPU
		{FE3101A5-E305-4C3B-9556-FDE95C20D00D}.Debug|x86.ActiveCfg = Debug|Any CPU
		{FE3101A5-E305-4C3B-9556-FDE95C20D00D}.Debug|x86.Build.0 = Debug|Any CPU
		{FE3101A5-E305-4C3B-9556-FDE95C20D00D}.Release|Any CPU.ActiveCfg = Release|Any CPU
		{FE3101A5-E305-4C3B-9556-FDE95C20D00D}.Release|Any CPU.Build.0 = Release|Any CPU
		{FE3101A5-E305-4C3B-9556-FDE95C20D00D}.Release|x64.ActiveCfg = Release|Any CPU
		{FE3101A5-E305-4C3B-9556-FDE95C20D00D}.Release|x64.Build.0 = Release|Any CPU
		{FE3101A5-E305-4C3B-9556-FDE95C20D00D}.Release|x86.ActiveCfg = Release|Any CPU
		{FE3101A5-E305-4C3B-9556-FDE95C20D00D}.Release|x86.Build.0 = Release|Any CPU
		{6B931474-CBA3-465A-B209-28CBCFEE041A}.Debug|Any CPU.ActiveCfg = Debug|Any CPU
		{6B931474-CBA3-465A-B209-28CBCFEE041A}.Debug|Any CPU.Build.0 = Debug|Any CPU
		{6B931474-CBA3-465A-B209-28CBCFEE041A}.Debug|x64.ActiveCfg = Debug|Any CPU
		{6B931474-CBA3-465A-B209-28CBCFEE041A}.Debug|x64.Build.0 = Debug|Any CPU
		{6B931474-CBA3-465A-B209-28CBCFEE041A}.Debug|x86.ActiveCfg = Debug|Any CPU
		{6B931474-CBA3-465A-B209-28CBCFEE041A}.Debug|x86.Build.0 = Debug|Any CPU
		{6B931474-CBA3-465A-B209-28CBCFEE041A}.Release|Any CPU.ActiveCfg = Release|Any CPU
		{6B931474-CBA3-465A-B209-28CBCFEE041A}.Release|Any CPU.Build.0 = Release|Any CPU
		{6B931474-CBA3-465A-B209-28CBCFEE041A}.Release|x64.ActiveCfg = Release|Any CPU
		{6B931474-CBA3-465A-B209-28CBCFEE041A}.Release|x64.Build.0 = Release|Any CPU
		{6B931474-CBA3-465A-B209-28CBCFEE041A}.Release|x86.ActiveCfg = Release|Any CPU
		{6B931474-CBA3-465A-B209-28CBCFEE041A}.Release|x86.Build.0 = Release|Any CPU
		{F20220E2-F7B0-47E4-B99D-220979250D79}.Debug|Any CPU.ActiveCfg = Debug|Any CPU
		{F20220E2-F7B0-47E4-B99D-220979250D79}.Debug|Any CPU.Build.0 = Debug|Any CPU
		{F20220E2-F7B0-47E4-B99D-220979250D79}.Debug|x64.ActiveCfg = Debug|Any CPU
		{F20220E2-F7B0-47E4-B99D-220979250D79}.Debug|x64.Build.0 = Debug|Any CPU
		{F20220E2-F7B0-47E4-B99D-220979250D79}.Debug|x86.ActiveCfg = Debug|Any CPU
		{F20220E2-F7B0-47E4-B99D-220979250D79}.Debug|x86.Build.0 = Debug|Any CPU
		{F20220E2-F7B0-47E4-B99D-220979250D79}.Release|Any CPU.ActiveCfg = Release|Any CPU
		{F20220E2-F7B0-47E4-B99D-220979250D79}.Release|Any CPU.Build.0 = Release|Any CPU
		{F20220E2-F7B0-47E4-B99D-220979250D79}.Release|x64.ActiveCfg = Release|Any CPU
		{F20220E2-F7B0-47E4-B99D-220979250D79}.Release|x64.Build.0 = Release|Any CPU
		{F20220E2-F7B0-47E4-B99D-220979250D79}.Release|x86.ActiveCfg = Release|Any CPU
		{F20220E2-F7B0-47E4-B99D-220979250D79}.Release|x86.Build.0 = Release|Any CPU
		{8F16342C-D72E-4292-9081-5B83EFF9CD8E}.Debug|Any CPU.ActiveCfg = Debug|Any CPU
		{8F16342C-D72E-4292-9081-5B83EFF9CD8E}.Debug|Any CPU.Build.0 = Debug|Any CPU
		{8F16342C-D72E-4292-9081-5B83EFF9CD8E}.Debug|x64.ActiveCfg = Debug|Any CPU
		{8F16342C-D72E-4292-9081-5B83EFF9CD8E}.Debug|x64.Build.0 = Debug|Any CPU
		{8F16342C-D72E-4292-9081-5B83EFF9CD8E}.Debug|x86.ActiveCfg = Debug|Any CPU
		{8F16342C-D72E-4292-9081-5B83EFF9CD8E}.Debug|x86.Build.0 = Debug|Any CPU
		{8F16342C-D72E-4292-9081-5B83EFF9CD8E}.Release|Any CPU.ActiveCfg = Release|Any CPU
		{8F16342C-D72E-4292-9081-5B83EFF9CD8E}.Release|Any CPU.Build.0 = Release|Any CPU
		{8F16342C-D72E-4292-9081-5B83EFF9CD8E}.Release|x64.ActiveCfg = Release|Any CPU
		{8F16342C-D72E-4292-9081-5B83EFF9CD8E}.Release|x64.Build.0 = Release|Any CPU
		{8F16342C-D72E-4292-9081-5B83EFF9CD8E}.Release|x86.ActiveCfg = Release|Any CPU
		{8F16342C-D72E-4292-9081-5B83EFF9CD8E}.Release|x86.Build.0 = Release|Any CPU
		{F42CAA37-1DF8-498D-830E-B894093486BD}.Debug|Any CPU.ActiveCfg = Debug|Any CPU
		{F42CAA37-1DF8-498D-830E-B894093486BD}.Debug|Any CPU.Build.0 = Debug|Any CPU
		{F42CAA37-1DF8-498D-830E-B894093486BD}.Debug|x64.ActiveCfg = Debug|Any CPU
		{F42CAA37-1DF8-498D-830E-B894093486BD}.Debug|x64.Build.0 = Debug|Any CPU
		{F42CAA37-1DF8-498D-830E-B894093486BD}.Debug|x86.ActiveCfg = Debug|Any CPU
		{F42CAA37-1DF8-498D-830E-B894093486BD}.Debug|x86.Build.0 = Debug|Any CPU
		{F42CAA37-1DF8-498D-830E-B894093486BD}.Release|Any CPU.ActiveCfg = Release|Any CPU
		{F42CAA37-1DF8-498D-830E-B894093486BD}.Release|Any CPU.Build.0 = Release|Any CPU
		{F42CAA37-1DF8-498D-830E-B894093486BD}.Release|x64.ActiveCfg = Release|Any CPU
		{F42CAA37-1DF8-498D-830E-B894093486BD}.Release|x64.Build.0 = Release|Any CPU
		{F42CAA37-1DF8-498D-830E-B894093486BD}.Release|x86.ActiveCfg = Release|Any CPU
		{F42CAA37-1DF8-498D-830E-B894093486BD}.Release|x86.Build.0 = Release|Any CPU
		{F40DF877-DB6F-468C-89E9-061FF71A4EEC}.Debug|Any CPU.ActiveCfg = Debug|Any CPU
		{F40DF877-DB6F-468C-89E9-061FF71A4EEC}.Debug|Any CPU.Build.0 = Debug|Any CPU
		{F40DF877-DB6F-468C-89E9-061FF71A4EEC}.Debug|x64.ActiveCfg = Debug|Any CPU
		{F40DF877-DB6F-468C-89E9-061FF71A4EEC}.Debug|x64.Build.0 = Debug|Any CPU
		{F40DF877-DB6F-468C-89E9-061FF71A4EEC}.Debug|x86.ActiveCfg = Debug|Any CPU
		{F40DF877-DB6F-468C-89E9-061FF71A4EEC}.Debug|x86.Build.0 = Debug|Any CPU
		{F40DF877-DB6F-468C-89E9-061FF71A4EEC}.Release|Any CPU.ActiveCfg = Release|Any CPU
		{F40DF877-DB6F-468C-89E9-061FF71A4EEC}.Release|Any CPU.Build.0 = Release|Any CPU
		{F40DF877-DB6F-468C-89E9-061FF71A4EEC}.Release|x64.ActiveCfg = Release|Any CPU
		{F40DF877-DB6F-468C-89E9-061FF71A4EEC}.Release|x64.Build.0 = Release|Any CPU
		{F40DF877-DB6F-468C-89E9-061FF71A4EEC}.Release|x86.ActiveCfg = Release|Any CPU
		{F40DF877-DB6F-468C-89E9-061FF71A4EEC}.Release|x86.Build.0 = Release|Any CPU
		{B7EC6DE6-8271-47C6-BA97-E737FF00CBAE}.Debug|Any CPU.ActiveCfg = Debug|Any CPU
		{B7EC6DE6-8271-47C6-BA97-E737FF00CBAE}.Debug|Any CPU.Build.0 = Debug|Any CPU
		{B7EC6DE6-8271-47C6-BA97-E737FF00CBAE}.Debug|x64.ActiveCfg = Debug|Any CPU
		{B7EC6DE6-8271-47C6-BA97-E737FF00CBAE}.Debug|x64.Build.0 = Debug|Any CPU
		{B7EC6DE6-8271-47C6-BA97-E737FF00CBAE}.Debug|x86.ActiveCfg = Debug|Any CPU
		{B7EC6DE6-8271-47C6-BA97-E737FF00CBAE}.Debug|x86.Build.0 = Debug|Any CPU
		{B7EC6DE6-8271-47C6-BA97-E737FF00CBAE}.Release|Any CPU.ActiveCfg = Release|Any CPU
		{B7EC6DE6-8271-47C6-BA97-E737FF00CBAE}.Release|Any CPU.Build.0 = Release|Any CPU
		{B7EC6DE6-8271-47C6-BA97-E737FF00CBAE}.Release|x64.ActiveCfg = Release|Any CPU
		{B7EC6DE6-8271-47C6-BA97-E737FF00CBAE}.Release|x64.Build.0 = Release|Any CPU
		{B7EC6DE6-8271-47C6-BA97-E737FF00CBAE}.Release|x86.ActiveCfg = Release|Any CPU
		{B7EC6DE6-8271-47C6-BA97-E737FF00CBAE}.Release|x86.Build.0 = Release|Any CPU
		{57FE8A94-FEB2-43D5-9F7F-3571CD6C9FCF}.Debug|Any CPU.ActiveCfg = Debug|Any CPU
		{57FE8A94-FEB2-43D5-9F7F-3571CD6C9FCF}.Debug|Any CPU.Build.0 = Debug|Any CPU
		{57FE8A94-FEB2-43D5-9F7F-3571CD6C9FCF}.Debug|x64.ActiveCfg = Debug|Any CPU
		{57FE8A94-FEB2-43D5-9F7F-3571CD6C9FCF}.Debug|x64.Build.0 = Debug|Any CPU
		{57FE8A94-FEB2-43D5-9F7F-3571CD6C9FCF}.Debug|x86.ActiveCfg = Debug|Any CPU
		{57FE8A94-FEB2-43D5-9F7F-3571CD6C9FCF}.Debug|x86.Build.0 = Debug|Any CPU
		{57FE8A94-FEB2-43D5-9F7F-3571CD6C9FCF}.Release|Any CPU.ActiveCfg = Release|Any CPU
		{57FE8A94-FEB2-43D5-9F7F-3571CD6C9FCF}.Release|Any CPU.Build.0 = Release|Any CPU
		{57FE8A94-FEB2-43D5-9F7F-3571CD6C9FCF}.Release|x64.ActiveCfg = Release|Any CPU
		{57FE8A94-FEB2-43D5-9F7F-3571CD6C9FCF}.Release|x64.Build.0 = Release|Any CPU
		{57FE8A94-FEB2-43D5-9F7F-3571CD6C9FCF}.Release|x86.ActiveCfg = Release|Any CPU
		{57FE8A94-FEB2-43D5-9F7F-3571CD6C9FCF}.Release|x86.Build.0 = Release|Any CPU
		{F13C7451-C8A6-4EBA-8B70-7080610810AD}.Debug|Any CPU.ActiveCfg = Debug|Any CPU
		{F13C7451-C8A6-4EBA-8B70-7080610810AD}.Debug|Any CPU.Build.0 = Debug|Any CPU
		{F13C7451-C8A6-4EBA-8B70-7080610810AD}.Debug|x64.ActiveCfg = Debug|Any CPU
		{F13C7451-C8A6-4EBA-8B70-7080610810AD}.Debug|x64.Build.0 = Debug|Any CPU
		{F13C7451-C8A6-4EBA-8B70-7080610810AD}.Debug|x86.ActiveCfg = Debug|Any CPU
		{F13C7451-C8A6-4EBA-8B70-7080610810AD}.Debug|x86.Build.0 = Debug|Any CPU
		{F13C7451-C8A6-4EBA-8B70-7080610810AD}.Release|Any CPU.ActiveCfg = Release|Any CPU
		{F13C7451-C8A6-4EBA-8B70-7080610810AD}.Release|Any CPU.Build.0 = Release|Any CPU
		{F13C7451-C8A6-4EBA-8B70-7080610810AD}.Release|x64.ActiveCfg = Release|Any CPU
		{F13C7451-C8A6-4EBA-8B70-7080610810AD}.Release|x64.Build.0 = Release|Any CPU
		{F13C7451-C8A6-4EBA-8B70-7080610810AD}.Release|x86.ActiveCfg = Release|Any CPU
		{F13C7451-C8A6-4EBA-8B70-7080610810AD}.Release|x86.Build.0 = Release|Any CPU
		{BD478438-A17E-48D0-8534-036C877FF77F}.Debug|Any CPU.ActiveCfg = Debug|Any CPU
		{BD478438-A17E-48D0-8534-036C877FF77F}.Debug|Any CPU.Build.0 = Debug|Any CPU
		{BD478438-A17E-48D0-8534-036C877FF77F}.Debug|x64.ActiveCfg = Debug|Any CPU
		{BD478438-A17E-48D0-8534-036C877FF77F}.Debug|x64.Build.0 = Debug|Any CPU
		{BD478438-A17E-48D0-8534-036C877FF77F}.Debug|x86.ActiveCfg = Debug|Any CPU
		{BD478438-A17E-48D0-8534-036C877FF77F}.Debug|x86.Build.0 = Debug|Any CPU
		{BD478438-A17E-48D0-8534-036C877FF77F}.Release|Any CPU.ActiveCfg = Release|Any CPU
		{BD478438-A17E-48D0-8534-036C877FF77F}.Release|Any CPU.Build.0 = Release|Any CPU
		{BD478438-A17E-48D0-8534-036C877FF77F}.Release|x64.ActiveCfg = Release|Any CPU
		{BD478438-A17E-48D0-8534-036C877FF77F}.Release|x64.Build.0 = Release|Any CPU
		{BD478438-A17E-48D0-8534-036C877FF77F}.Release|x86.ActiveCfg = Release|Any CPU
		{BD478438-A17E-48D0-8534-036C877FF77F}.Release|x86.Build.0 = Release|Any CPU
		{59E1A80E-5F8A-4D75-9EBB-37E0E6121905}.Debug|Any CPU.ActiveCfg = Debug|Any CPU
		{59E1A80E-5F8A-4D75-9EBB-37E0E6121905}.Debug|Any CPU.Build.0 = Debug|Any CPU
		{59E1A80E-5F8A-4D75-9EBB-37E0E6121905}.Debug|x64.ActiveCfg = Debug|Any CPU
		{59E1A80E-5F8A-4D75-9EBB-37E0E6121905}.Debug|x64.Build.0 = Debug|Any CPU
		{59E1A80E-5F8A-4D75-9EBB-37E0E6121905}.Debug|x86.ActiveCfg = Debug|Any CPU
		{59E1A80E-5F8A-4D75-9EBB-37E0E6121905}.Debug|x86.Build.0 = Debug|Any CPU
		{59E1A80E-5F8A-4D75-9EBB-37E0E6121905}.Release|Any CPU.ActiveCfg = Release|Any CPU
		{59E1A80E-5F8A-4D75-9EBB-37E0E6121905}.Release|Any CPU.Build.0 = Release|Any CPU
		{59E1A80E-5F8A-4D75-9EBB-37E0E6121905}.Release|x64.ActiveCfg = Release|Any CPU
		{59E1A80E-5F8A-4D75-9EBB-37E0E6121905}.Release|x64.Build.0 = Release|Any CPU
		{59E1A80E-5F8A-4D75-9EBB-37E0E6121905}.Release|x86.ActiveCfg = Release|Any CPU
		{59E1A80E-5F8A-4D75-9EBB-37E0E6121905}.Release|x86.Build.0 = Release|Any CPU
		{7A504BB6-2E7C-4E23-BED1-C4D7B41FCC8A}.Debug|Any CPU.ActiveCfg = Debug|Any CPU
		{7A504BB6-2E7C-4E23-BED1-C4D7B41FCC8A}.Debug|Any CPU.Build.0 = Debug|Any CPU
		{7A504BB6-2E7C-4E23-BED1-C4D7B41FCC8A}.Debug|x64.ActiveCfg = Debug|Any CPU
		{7A504BB6-2E7C-4E23-BED1-C4D7B41FCC8A}.Debug|x64.Build.0 = Debug|Any CPU
		{7A504BB6-2E7C-4E23-BED1-C4D7B41FCC8A}.Debug|x86.ActiveCfg = Debug|Any CPU
		{7A504BB6-2E7C-4E23-BED1-C4D7B41FCC8A}.Debug|x86.Build.0 = Debug|Any CPU
		{7A504BB6-2E7C-4E23-BED1-C4D7B41FCC8A}.Release|Any CPU.ActiveCfg = Release|Any CPU
		{7A504BB6-2E7C-4E23-BED1-C4D7B41FCC8A}.Release|Any CPU.Build.0 = Release|Any CPU
		{7A504BB6-2E7C-4E23-BED1-C4D7B41FCC8A}.Release|x64.ActiveCfg = Release|Any CPU
		{7A504BB6-2E7C-4E23-BED1-C4D7B41FCC8A}.Release|x64.Build.0 = Release|Any CPU
		{7A504BB6-2E7C-4E23-BED1-C4D7B41FCC8A}.Release|x86.ActiveCfg = Release|Any CPU
		{7A504BB6-2E7C-4E23-BED1-C4D7B41FCC8A}.Release|x86.Build.0 = Release|Any CPU
		{DF38AAD7-387D-4C3E-9A1B-46A37393FA2B}.Debug|Any CPU.ActiveCfg = Debug|Any CPU
		{DF38AAD7-387D-4C3E-9A1B-46A37393FA2B}.Debug|Any CPU.Build.0 = Debug|Any CPU
		{DF38AAD7-387D-4C3E-9A1B-46A37393FA2B}.Debug|x64.ActiveCfg = Debug|Any CPU
		{DF38AAD7-387D-4C3E-9A1B-46A37393FA2B}.Debug|x64.Build.0 = Debug|Any CPU
		{DF38AAD7-387D-4C3E-9A1B-46A37393FA2B}.Debug|x86.ActiveCfg = Debug|Any CPU
		{DF38AAD7-387D-4C3E-9A1B-46A37393FA2B}.Debug|x86.Build.0 = Debug|Any CPU
		{DF38AAD7-387D-4C3E-9A1B-46A37393FA2B}.Release|Any CPU.ActiveCfg = Release|Any CPU
		{DF38AAD7-387D-4C3E-9A1B-46A37393FA2B}.Release|Any CPU.Build.0 = Release|Any CPU
		{DF38AAD7-387D-4C3E-9A1B-46A37393FA2B}.Release|x64.ActiveCfg = Release|Any CPU
		{DF38AAD7-387D-4C3E-9A1B-46A37393FA2B}.Release|x64.Build.0 = Release|Any CPU
		{DF38AAD7-387D-4C3E-9A1B-46A37393FA2B}.Release|x86.ActiveCfg = Release|Any CPU
		{DF38AAD7-387D-4C3E-9A1B-46A37393FA2B}.Release|x86.Build.0 = Release|Any CPU
		{DDC50116-09E6-45A5-957A-671EF67DF5A2}.Debug|Any CPU.ActiveCfg = Debug|Any CPU
		{DDC50116-09E6-45A5-957A-671EF67DF5A2}.Debug|Any CPU.Build.0 = Debug|Any CPU
		{DDC50116-09E6-45A5-957A-671EF67DF5A2}.Debug|x64.ActiveCfg = Debug|Any CPU
		{DDC50116-09E6-45A5-957A-671EF67DF5A2}.Debug|x64.Build.0 = Debug|Any CPU
		{DDC50116-09E6-45A5-957A-671EF67DF5A2}.Debug|x86.ActiveCfg = Debug|Any CPU
		{DDC50116-09E6-45A5-957A-671EF67DF5A2}.Debug|x86.Build.0 = Debug|Any CPU
		{DDC50116-09E6-45A5-957A-671EF67DF5A2}.Release|Any CPU.ActiveCfg = Release|Any CPU
		{DDC50116-09E6-45A5-957A-671EF67DF5A2}.Release|Any CPU.Build.0 = Release|Any CPU
		{DDC50116-09E6-45A5-957A-671EF67DF5A2}.Release|x64.ActiveCfg = Release|Any CPU
		{DDC50116-09E6-45A5-957A-671EF67DF5A2}.Release|x64.Build.0 = Release|Any CPU
		{DDC50116-09E6-45A5-957A-671EF67DF5A2}.Release|x86.ActiveCfg = Release|Any CPU
		{DDC50116-09E6-45A5-957A-671EF67DF5A2}.Release|x86.Build.0 = Release|Any CPU
		{9A9C505A-FFBE-4103-88DB-F59100BBA720}.Debug|Any CPU.ActiveCfg = Debug|Any CPU
		{9A9C505A-FFBE-4103-88DB-F59100BBA720}.Debug|Any CPU.Build.0 = Debug|Any CPU
		{9A9C505A-FFBE-4103-88DB-F59100BBA720}.Debug|x64.ActiveCfg = Debug|Any CPU
		{9A9C505A-FFBE-4103-88DB-F59100BBA720}.Debug|x64.Build.0 = Debug|Any CPU
		{9A9C505A-FFBE-4103-88DB-F59100BBA720}.Debug|x86.ActiveCfg = Debug|Any CPU
		{9A9C505A-FFBE-4103-88DB-F59100BBA720}.Debug|x86.Build.0 = Debug|Any CPU
		{9A9C505A-FFBE-4103-88DB-F59100BBA720}.Release|Any CPU.ActiveCfg = Release|Any CPU
		{9A9C505A-FFBE-4103-88DB-F59100BBA720}.Release|Any CPU.Build.0 = Release|Any CPU
		{9A9C505A-FFBE-4103-88DB-F59100BBA720}.Release|x64.ActiveCfg = Release|Any CPU
		{9A9C505A-FFBE-4103-88DB-F59100BBA720}.Release|x64.Build.0 = Release|Any CPU
		{9A9C505A-FFBE-4103-88DB-F59100BBA720}.Release|x86.ActiveCfg = Release|Any CPU
		{9A9C505A-FFBE-4103-88DB-F59100BBA720}.Release|x86.Build.0 = Release|Any CPU
		{37CFDBFE-C09C-4755-B6FC-E88F5E81C006}.Debug|Any CPU.ActiveCfg = Debug|Any CPU
		{37CFDBFE-C09C-4755-B6FC-E88F5E81C006}.Debug|Any CPU.Build.0 = Debug|Any CPU
		{37CFDBFE-C09C-4755-B6FC-E88F5E81C006}.Debug|x64.ActiveCfg = Debug|Any CPU
		{37CFDBFE-C09C-4755-B6FC-E88F5E81C006}.Debug|x64.Build.0 = Debug|Any CPU
		{37CFDBFE-C09C-4755-B6FC-E88F5E81C006}.Debug|x86.ActiveCfg = Debug|Any CPU
		{37CFDBFE-C09C-4755-B6FC-E88F5E81C006}.Debug|x86.Build.0 = Debug|Any CPU
		{37CFDBFE-C09C-4755-B6FC-E88F5E81C006}.Release|Any CPU.ActiveCfg = Release|Any CPU
		{37CFDBFE-C09C-4755-B6FC-E88F5E81C006}.Release|Any CPU.Build.0 = Release|Any CPU
		{37CFDBFE-C09C-4755-B6FC-E88F5E81C006}.Release|x64.ActiveCfg = Release|Any CPU
		{37CFDBFE-C09C-4755-B6FC-E88F5E81C006}.Release|x64.Build.0 = Release|Any CPU
		{37CFDBFE-C09C-4755-B6FC-E88F5E81C006}.Release|x86.ActiveCfg = Release|Any CPU
		{37CFDBFE-C09C-4755-B6FC-E88F5E81C006}.Release|x86.Build.0 = Release|Any CPU
		{A8E7E75D-E79F-4553-BAC9-B9DDBA9914D9}.Debug|Any CPU.ActiveCfg = Debug|Any CPU
		{A8E7E75D-E79F-4553-BAC9-B9DDBA9914D9}.Debug|Any CPU.Build.0 = Debug|Any CPU
		{A8E7E75D-E79F-4553-BAC9-B9DDBA9914D9}.Debug|x64.ActiveCfg = Debug|Any CPU
		{A8E7E75D-E79F-4553-BAC9-B9DDBA9914D9}.Debug|x64.Build.0 = Debug|Any CPU
		{A8E7E75D-E79F-4553-BAC9-B9DDBA9914D9}.Debug|x86.ActiveCfg = Debug|Any CPU
		{A8E7E75D-E79F-4553-BAC9-B9DDBA9914D9}.Debug|x86.Build.0 = Debug|Any CPU
		{A8E7E75D-E79F-4553-BAC9-B9DDBA9914D9}.Release|Any CPU.ActiveCfg = Release|Any CPU
		{A8E7E75D-E79F-4553-BAC9-B9DDBA9914D9}.Release|Any CPU.Build.0 = Release|Any CPU
		{A8E7E75D-E79F-4553-BAC9-B9DDBA9914D9}.Release|x64.ActiveCfg = Release|Any CPU
		{A8E7E75D-E79F-4553-BAC9-B9DDBA9914D9}.Release|x64.Build.0 = Release|Any CPU
		{A8E7E75D-E79F-4553-BAC9-B9DDBA9914D9}.Release|x86.ActiveCfg = Release|Any CPU
		{A8E7E75D-E79F-4553-BAC9-B9DDBA9914D9}.Release|x86.Build.0 = Release|Any CPU
		{D4D3D94C-7EF3-4310-9F7B-E84085DC1B25}.Debug|Any CPU.ActiveCfg = Debug|Any CPU
		{D4D3D94C-7EF3-4310-9F7B-E84085DC1B25}.Debug|Any CPU.Build.0 = Debug|Any CPU
		{D4D3D94C-7EF3-4310-9F7B-E84085DC1B25}.Debug|x64.ActiveCfg = Debug|Any CPU
		{D4D3D94C-7EF3-4310-9F7B-E84085DC1B25}.Debug|x64.Build.0 = Debug|Any CPU
		{D4D3D94C-7EF3-4310-9F7B-E84085DC1B25}.Debug|x86.ActiveCfg = Debug|Any CPU
		{D4D3D94C-7EF3-4310-9F7B-E84085DC1B25}.Debug|x86.Build.0 = Debug|Any CPU
		{D4D3D94C-7EF3-4310-9F7B-E84085DC1B25}.Release|Any CPU.ActiveCfg = Release|Any CPU
		{D4D3D94C-7EF3-4310-9F7B-E84085DC1B25}.Release|Any CPU.Build.0 = Release|Any CPU
		{D4D3D94C-7EF3-4310-9F7B-E84085DC1B25}.Release|x64.ActiveCfg = Release|Any CPU
		{D4D3D94C-7EF3-4310-9F7B-E84085DC1B25}.Release|x64.Build.0 = Release|Any CPU
		{D4D3D94C-7EF3-4310-9F7B-E84085DC1B25}.Release|x86.ActiveCfg = Release|Any CPU
		{D4D3D94C-7EF3-4310-9F7B-E84085DC1B25}.Release|x86.Build.0 = Release|Any CPU
		{488EC305-9C8B-4FD0-9EB0-29A8240AAFC0}.Debug|Any CPU.ActiveCfg = Debug|Any CPU
		{488EC305-9C8B-4FD0-9EB0-29A8240AAFC0}.Debug|Any CPU.Build.0 = Debug|Any CPU
		{488EC305-9C8B-4FD0-9EB0-29A8240AAFC0}.Debug|x64.ActiveCfg = Debug|Any CPU
		{488EC305-9C8B-4FD0-9EB0-29A8240AAFC0}.Debug|x64.Build.0 = Debug|Any CPU
		{488EC305-9C8B-4FD0-9EB0-29A8240AAFC0}.Debug|x86.ActiveCfg = Debug|Any CPU
		{488EC305-9C8B-4FD0-9EB0-29A8240AAFC0}.Debug|x86.Build.0 = Debug|Any CPU
		{488EC305-9C8B-4FD0-9EB0-29A8240AAFC0}.Release|Any CPU.ActiveCfg = Release|Any CPU
		{488EC305-9C8B-4FD0-9EB0-29A8240AAFC0}.Release|Any CPU.Build.0 = Release|Any CPU
		{488EC305-9C8B-4FD0-9EB0-29A8240AAFC0}.Release|x64.ActiveCfg = Release|Any CPU
		{488EC305-9C8B-4FD0-9EB0-29A8240AAFC0}.Release|x64.Build.0 = Release|Any CPU
		{488EC305-9C8B-4FD0-9EB0-29A8240AAFC0}.Release|x86.ActiveCfg = Release|Any CPU
		{488EC305-9C8B-4FD0-9EB0-29A8240AAFC0}.Release|x86.Build.0 = Release|Any CPU
		{DEE89EA1-C066-4EF9-A94F-EB9195DBB6F5}.Debug|Any CPU.ActiveCfg = Debug|Any CPU
		{DEE89EA1-C066-4EF9-A94F-EB9195DBB6F5}.Debug|Any CPU.Build.0 = Debug|Any CPU
		{DEE89EA1-C066-4EF9-A94F-EB9195DBB6F5}.Debug|x64.ActiveCfg = Debug|Any CPU
		{DEE89EA1-C066-4EF9-A94F-EB9195DBB6F5}.Debug|x64.Build.0 = Debug|Any CPU
		{DEE89EA1-C066-4EF9-A94F-EB9195DBB6F5}.Debug|x86.ActiveCfg = Debug|Any CPU
		{DEE89EA1-C066-4EF9-A94F-EB9195DBB6F5}.Debug|x86.Build.0 = Debug|Any CPU
		{DEE89EA1-C066-4EF9-A94F-EB9195DBB6F5}.Release|Any CPU.ActiveCfg = Release|Any CPU
		{DEE89EA1-C066-4EF9-A94F-EB9195DBB6F5}.Release|Any CPU.Build.0 = Release|Any CPU
		{DEE89EA1-C066-4EF9-A94F-EB9195DBB6F5}.Release|x64.ActiveCfg = Release|Any CPU
		{DEE89EA1-C066-4EF9-A94F-EB9195DBB6F5}.Release|x64.Build.0 = Release|Any CPU
		{DEE89EA1-C066-4EF9-A94F-EB9195DBB6F5}.Release|x86.ActiveCfg = Release|Any CPU
		{DEE89EA1-C066-4EF9-A94F-EB9195DBB6F5}.Release|x86.Build.0 = Release|Any CPU
		{7AA85271-E741-4601-92AF-07813A3A2A1C}.Debug|Any CPU.ActiveCfg = Debug|Any CPU
		{7AA85271-E741-4601-92AF-07813A3A2A1C}.Debug|Any CPU.Build.0 = Debug|Any CPU
		{7AA85271-E741-4601-92AF-07813A3A2A1C}.Debug|x64.ActiveCfg = Debug|Any CPU
		{7AA85271-E741-4601-92AF-07813A3A2A1C}.Debug|x64.Build.0 = Debug|Any CPU
		{7AA85271-E741-4601-92AF-07813A3A2A1C}.Debug|x86.ActiveCfg = Debug|Any CPU
		{7AA85271-E741-4601-92AF-07813A3A2A1C}.Debug|x86.Build.0 = Debug|Any CPU
		{7AA85271-E741-4601-92AF-07813A3A2A1C}.Release|Any CPU.ActiveCfg = Release|Any CPU
		{7AA85271-E741-4601-92AF-07813A3A2A1C}.Release|Any CPU.Build.0 = Release|Any CPU
		{7AA85271-E741-4601-92AF-07813A3A2A1C}.Release|x64.ActiveCfg = Release|Any CPU
		{7AA85271-E741-4601-92AF-07813A3A2A1C}.Release|x64.Build.0 = Release|Any CPU
		{7AA85271-E741-4601-92AF-07813A3A2A1C}.Release|x86.ActiveCfg = Release|Any CPU
		{7AA85271-E741-4601-92AF-07813A3A2A1C}.Release|x86.Build.0 = Release|Any CPU
		{13031DB8-90FA-43E8-85B4-FC97275ADD22}.Debug|Any CPU.ActiveCfg = Debug|Any CPU
		{13031DB8-90FA-43E8-85B4-FC97275ADD22}.Debug|Any CPU.Build.0 = Debug|Any CPU
		{13031DB8-90FA-43E8-85B4-FC97275ADD22}.Debug|x64.ActiveCfg = Debug|Any CPU
		{13031DB8-90FA-43E8-85B4-FC97275ADD22}.Debug|x64.Build.0 = Debug|Any CPU
		{13031DB8-90FA-43E8-85B4-FC97275ADD22}.Debug|x86.ActiveCfg = Debug|Any CPU
		{13031DB8-90FA-43E8-85B4-FC97275ADD22}.Debug|x86.Build.0 = Debug|Any CPU
		{13031DB8-90FA-43E8-85B4-FC97275ADD22}.Release|Any CPU.ActiveCfg = Release|Any CPU
		{13031DB8-90FA-43E8-85B4-FC97275ADD22}.Release|Any CPU.Build.0 = Release|Any CPU
		{13031DB8-90FA-43E8-85B4-FC97275ADD22}.Release|x64.ActiveCfg = Release|Any CPU
		{13031DB8-90FA-43E8-85B4-FC97275ADD22}.Release|x64.Build.0 = Release|Any CPU
		{13031DB8-90FA-43E8-85B4-FC97275ADD22}.Release|x86.ActiveCfg = Release|Any CPU
		{13031DB8-90FA-43E8-85B4-FC97275ADD22}.Release|x86.Build.0 = Release|Any CPU
		{D8F5D1B3-9B2A-4F12-A164-EC99A71B4E2A}.Debug|Any CPU.ActiveCfg = Debug|Any CPU
		{D8F5D1B3-9B2A-4F12-A164-EC99A71B4E2A}.Debug|Any CPU.Build.0 = Debug|Any CPU
		{D8F5D1B3-9B2A-4F12-A164-EC99A71B4E2A}.Debug|x64.ActiveCfg = Debug|Any CPU
		{D8F5D1B3-9B2A-4F12-A164-EC99A71B4E2A}.Debug|x64.Build.0 = Debug|Any CPU
		{D8F5D1B3-9B2A-4F12-A164-EC99A71B4E2A}.Debug|x86.ActiveCfg = Debug|Any CPU
		{D8F5D1B3-9B2A-4F12-A164-EC99A71B4E2A}.Debug|x86.Build.0 = Debug|Any CPU
		{D8F5D1B3-9B2A-4F12-A164-EC99A71B4E2A}.Release|Any CPU.ActiveCfg = Release|Any CPU
		{D8F5D1B3-9B2A-4F12-A164-EC99A71B4E2A}.Release|Any CPU.Build.0 = Release|Any CPU
		{D8F5D1B3-9B2A-4F12-A164-EC99A71B4E2A}.Release|x64.ActiveCfg = Release|Any CPU
		{D8F5D1B3-9B2A-4F12-A164-EC99A71B4E2A}.Release|x64.Build.0 = Release|Any CPU
		{D8F5D1B3-9B2A-4F12-A164-EC99A71B4E2A}.Release|x86.ActiveCfg = Release|Any CPU
		{D8F5D1B3-9B2A-4F12-A164-EC99A71B4E2A}.Release|x86.Build.0 = Release|Any CPU
		{2646922F-6C2F-4A3F-839F-DBAF4B26BF0B}.Debug|Any CPU.ActiveCfg = Debug|Any CPU
		{2646922F-6C2F-4A3F-839F-DBAF4B26BF0B}.Debug|Any CPU.Build.0 = Debug|Any CPU
		{2646922F-6C2F-4A3F-839F-DBAF4B26BF0B}.Debug|x64.ActiveCfg = Debug|Any CPU
		{2646922F-6C2F-4A3F-839F-DBAF4B26BF0B}.Debug|x64.Build.0 = Debug|Any CPU
		{2646922F-6C2F-4A3F-839F-DBAF4B26BF0B}.Debug|x86.ActiveCfg = Debug|Any CPU
		{2646922F-6C2F-4A3F-839F-DBAF4B26BF0B}.Debug|x86.Build.0 = Debug|Any CPU
		{2646922F-6C2F-4A3F-839F-DBAF4B26BF0B}.Release|Any CPU.ActiveCfg = Release|Any CPU
		{2646922F-6C2F-4A3F-839F-DBAF4B26BF0B}.Release|Any CPU.Build.0 = Release|Any CPU
		{2646922F-6C2F-4A3F-839F-DBAF4B26BF0B}.Release|x64.ActiveCfg = Release|Any CPU
		{2646922F-6C2F-4A3F-839F-DBAF4B26BF0B}.Release|x64.Build.0 = Release|Any CPU
		{2646922F-6C2F-4A3F-839F-DBAF4B26BF0B}.Release|x86.ActiveCfg = Release|Any CPU
		{2646922F-6C2F-4A3F-839F-DBAF4B26BF0B}.Release|x86.Build.0 = Release|Any CPU
		{A523AFF5-7C1E-4511-9007-1B77D1AFE60A}.Debug|Any CPU.ActiveCfg = Debug|Any CPU
		{A523AFF5-7C1E-4511-9007-1B77D1AFE60A}.Debug|Any CPU.Build.0 = Debug|Any CPU
		{A523AFF5-7C1E-4511-9007-1B77D1AFE60A}.Debug|x64.ActiveCfg = Debug|Any CPU
		{A523AFF5-7C1E-4511-9007-1B77D1AFE60A}.Debug|x64.Build.0 = Debug|Any CPU
		{A523AFF5-7C1E-4511-9007-1B77D1AFE60A}.Debug|x86.ActiveCfg = Debug|Any CPU
		{A523AFF5-7C1E-4511-9007-1B77D1AFE60A}.Debug|x86.Build.0 = Debug|Any CPU
		{A523AFF5-7C1E-4511-9007-1B77D1AFE60A}.Release|Any CPU.ActiveCfg = Release|Any CPU
		{A523AFF5-7C1E-4511-9007-1B77D1AFE60A}.Release|Any CPU.Build.0 = Release|Any CPU
		{A523AFF5-7C1E-4511-9007-1B77D1AFE60A}.Release|x64.ActiveCfg = Release|Any CPU
		{A523AFF5-7C1E-4511-9007-1B77D1AFE60A}.Release|x64.Build.0 = Release|Any CPU
		{A523AFF5-7C1E-4511-9007-1B77D1AFE60A}.Release|x86.ActiveCfg = Release|Any CPU
		{A523AFF5-7C1E-4511-9007-1B77D1AFE60A}.Release|x86.Build.0 = Release|Any CPU
		{56F23550-2700-4EC1-B60A-EB915072BA9E}.Debug|Any CPU.ActiveCfg = Debug|Any CPU
		{56F23550-2700-4EC1-B60A-EB915072BA9E}.Debug|Any CPU.Build.0 = Debug|Any CPU
		{56F23550-2700-4EC1-B60A-EB915072BA9E}.Debug|x64.ActiveCfg = Debug|Any CPU
		{56F23550-2700-4EC1-B60A-EB915072BA9E}.Debug|x64.Build.0 = Debug|Any CPU
		{56F23550-2700-4EC1-B60A-EB915072BA9E}.Debug|x86.ActiveCfg = Debug|Any CPU
		{56F23550-2700-4EC1-B60A-EB915072BA9E}.Debug|x86.Build.0 = Debug|Any CPU
		{56F23550-2700-4EC1-B60A-EB915072BA9E}.Release|Any CPU.ActiveCfg = Release|Any CPU
		{56F23550-2700-4EC1-B60A-EB915072BA9E}.Release|Any CPU.Build.0 = Release|Any CPU
		{56F23550-2700-4EC1-B60A-EB915072BA9E}.Release|x64.ActiveCfg = Release|Any CPU
		{56F23550-2700-4EC1-B60A-EB915072BA9E}.Release|x64.Build.0 = Release|Any CPU
		{56F23550-2700-4EC1-B60A-EB915072BA9E}.Release|x86.ActiveCfg = Release|Any CPU
		{56F23550-2700-4EC1-B60A-EB915072BA9E}.Release|x86.Build.0 = Release|Any CPU
		{834054C5-90E8-43BA-81A6-28A4342067A7}.Debug|Any CPU.ActiveCfg = Debug|Any CPU
		{834054C5-90E8-43BA-81A6-28A4342067A7}.Debug|Any CPU.Build.0 = Debug|Any CPU
		{834054C5-90E8-43BA-81A6-28A4342067A7}.Debug|x64.ActiveCfg = Debug|Any CPU
		{834054C5-90E8-43BA-81A6-28A4342067A7}.Debug|x64.Build.0 = Debug|Any CPU
		{834054C5-90E8-43BA-81A6-28A4342067A7}.Debug|x86.ActiveCfg = Debug|Any CPU
		{834054C5-90E8-43BA-81A6-28A4342067A7}.Debug|x86.Build.0 = Debug|Any CPU
		{834054C5-90E8-43BA-81A6-28A4342067A7}.Release|Any CPU.ActiveCfg = Release|Any CPU
		{834054C5-90E8-43BA-81A6-28A4342067A7}.Release|Any CPU.Build.0 = Release|Any CPU
		{834054C5-90E8-43BA-81A6-28A4342067A7}.Release|x64.ActiveCfg = Release|Any CPU
		{834054C5-90E8-43BA-81A6-28A4342067A7}.Release|x64.Build.0 = Release|Any CPU
		{834054C5-90E8-43BA-81A6-28A4342067A7}.Release|x86.ActiveCfg = Release|Any CPU
		{834054C5-90E8-43BA-81A6-28A4342067A7}.Release|x86.Build.0 = Release|Any CPU
		{5176F9F1-64A6-488D-A179-4A51914AB079}.Debug|Any CPU.ActiveCfg = Debug|Any CPU
		{5176F9F1-64A6-488D-A179-4A51914AB079}.Debug|Any CPU.Build.0 = Debug|Any CPU
		{5176F9F1-64A6-488D-A179-4A51914AB079}.Debug|x64.ActiveCfg = Debug|Any CPU
		{5176F9F1-64A6-488D-A179-4A51914AB079}.Debug|x64.Build.0 = Debug|Any CPU
		{5176F9F1-64A6-488D-A179-4A51914AB079}.Debug|x86.ActiveCfg = Debug|Any CPU
		{5176F9F1-64A6-488D-A179-4A51914AB079}.Debug|x86.Build.0 = Debug|Any CPU
		{5176F9F1-64A6-488D-A179-4A51914AB079}.Release|Any CPU.ActiveCfg = Release|Any CPU
		{5176F9F1-64A6-488D-A179-4A51914AB079}.Release|Any CPU.Build.0 = Release|Any CPU
		{5176F9F1-64A6-488D-A179-4A51914AB079}.Release|x64.ActiveCfg = Release|Any CPU
		{5176F9F1-64A6-488D-A179-4A51914AB079}.Release|x64.Build.0 = Release|Any CPU
		{5176F9F1-64A6-488D-A179-4A51914AB079}.Release|x86.ActiveCfg = Release|Any CPU
		{5176F9F1-64A6-488D-A179-4A51914AB079}.Release|x86.Build.0 = Release|Any CPU
		{D0423D5C-7206-40F7-A7F7-48A3347C0D88}.Debug|Any CPU.ActiveCfg = Debug|Any CPU
		{D0423D5C-7206-40F7-A7F7-48A3347C0D88}.Debug|Any CPU.Build.0 = Debug|Any CPU
		{D0423D5C-7206-40F7-A7F7-48A3347C0D88}.Debug|x64.ActiveCfg = Debug|Any CPU
		{D0423D5C-7206-40F7-A7F7-48A3347C0D88}.Debug|x64.Build.0 = Debug|Any CPU
		{D0423D5C-7206-40F7-A7F7-48A3347C0D88}.Debug|x86.ActiveCfg = Debug|Any CPU
		{D0423D5C-7206-40F7-A7F7-48A3347C0D88}.Debug|x86.Build.0 = Debug|Any CPU
		{D0423D5C-7206-40F7-A7F7-48A3347C0D88}.Release|Any CPU.ActiveCfg = Release|Any CPU
		{D0423D5C-7206-40F7-A7F7-48A3347C0D88}.Release|Any CPU.Build.0 = Release|Any CPU
		{D0423D5C-7206-40F7-A7F7-48A3347C0D88}.Release|x64.ActiveCfg = Release|Any CPU
		{D0423D5C-7206-40F7-A7F7-48A3347C0D88}.Release|x64.Build.0 = Release|Any CPU
		{D0423D5C-7206-40F7-A7F7-48A3347C0D88}.Release|x86.ActiveCfg = Release|Any CPU
		{D0423D5C-7206-40F7-A7F7-48A3347C0D88}.Release|x86.Build.0 = Release|Any CPU
		{0904E383-A6DB-4A83-83E9-1CE78A2C7845}.Debug|Any CPU.ActiveCfg = Debug|Any CPU
		{0904E383-A6DB-4A83-83E9-1CE78A2C7845}.Debug|Any CPU.Build.0 = Debug|Any CPU
		{0904E383-A6DB-4A83-83E9-1CE78A2C7845}.Debug|x64.ActiveCfg = Debug|Any CPU
		{0904E383-A6DB-4A83-83E9-1CE78A2C7845}.Debug|x64.Build.0 = Debug|Any CPU
		{0904E383-A6DB-4A83-83E9-1CE78A2C7845}.Debug|x86.ActiveCfg = Debug|Any CPU
		{0904E383-A6DB-4A83-83E9-1CE78A2C7845}.Debug|x86.Build.0 = Debug|Any CPU
		{0904E383-A6DB-4A83-83E9-1CE78A2C7845}.Release|Any CPU.ActiveCfg = Release|Any CPU
		{0904E383-A6DB-4A83-83E9-1CE78A2C7845}.Release|Any CPU.Build.0 = Release|Any CPU
		{0904E383-A6DB-4A83-83E9-1CE78A2C7845}.Release|x64.ActiveCfg = Release|Any CPU
		{0904E383-A6DB-4A83-83E9-1CE78A2C7845}.Release|x64.Build.0 = Release|Any CPU
		{0904E383-A6DB-4A83-83E9-1CE78A2C7845}.Release|x86.ActiveCfg = Release|Any CPU
		{0904E383-A6DB-4A83-83E9-1CE78A2C7845}.Release|x86.Build.0 = Release|Any CPU
		{186A07C1-94D4-48F9-9B07-1296144B4B63}.Debug|Any CPU.ActiveCfg = Debug|Any CPU
		{186A07C1-94D4-48F9-9B07-1296144B4B63}.Debug|Any CPU.Build.0 = Debug|Any CPU
		{186A07C1-94D4-48F9-9B07-1296144B4B63}.Debug|x64.ActiveCfg = Debug|Any CPU
		{186A07C1-94D4-48F9-9B07-1296144B4B63}.Debug|x64.Build.0 = Debug|Any CPU
		{186A07C1-94D4-48F9-9B07-1296144B4B63}.Debug|x86.ActiveCfg = Debug|Any CPU
		{186A07C1-94D4-48F9-9B07-1296144B4B63}.Debug|x86.Build.0 = Debug|Any CPU
		{186A07C1-94D4-48F9-9B07-1296144B4B63}.Release|Any CPU.ActiveCfg = Release|Any CPU
		{186A07C1-94D4-48F9-9B07-1296144B4B63}.Release|Any CPU.Build.0 = Release|Any CPU
		{186A07C1-94D4-48F9-9B07-1296144B4B63}.Release|x64.ActiveCfg = Release|Any CPU
		{186A07C1-94D4-48F9-9B07-1296144B4B63}.Release|x64.Build.0 = Release|Any CPU
		{186A07C1-94D4-48F9-9B07-1296144B4B63}.Release|x86.ActiveCfg = Release|Any CPU
		{186A07C1-94D4-48F9-9B07-1296144B4B63}.Release|x86.Build.0 = Release|Any CPU
		{3ED42310-EA04-4D1B-9892-EE0E48A0D4BF}.Debug|Any CPU.ActiveCfg = Debug|Any CPU
		{3ED42310-EA04-4D1B-9892-EE0E48A0D4BF}.Debug|Any CPU.Build.0 = Debug|Any CPU
		{3ED42310-EA04-4D1B-9892-EE0E48A0D4BF}.Debug|x64.ActiveCfg = Debug|Any CPU
		{3ED42310-EA04-4D1B-9892-EE0E48A0D4BF}.Debug|x64.Build.0 = Debug|Any CPU
		{3ED42310-EA04-4D1B-9892-EE0E48A0D4BF}.Debug|x86.ActiveCfg = Debug|Any CPU
		{3ED42310-EA04-4D1B-9892-EE0E48A0D4BF}.Debug|x86.Build.0 = Debug|Any CPU
		{3ED42310-EA04-4D1B-9892-EE0E48A0D4BF}.Release|Any CPU.ActiveCfg = Release|Any CPU
		{3ED42310-EA04-4D1B-9892-EE0E48A0D4BF}.Release|Any CPU.Build.0 = Release|Any CPU
		{3ED42310-EA04-4D1B-9892-EE0E48A0D4BF}.Release|x64.ActiveCfg = Release|Any CPU
		{3ED42310-EA04-4D1B-9892-EE0E48A0D4BF}.Release|x64.Build.0 = Release|Any CPU
		{3ED42310-EA04-4D1B-9892-EE0E48A0D4BF}.Release|x86.ActiveCfg = Release|Any CPU
		{3ED42310-EA04-4D1B-9892-EE0E48A0D4BF}.Release|x86.Build.0 = Release|Any CPU
		{5B666727-B8E3-462F-8B66-351CA7148A46}.Debug|Any CPU.ActiveCfg = Debug|Any CPU
		{5B666727-B8E3-462F-8B66-351CA7148A46}.Debug|Any CPU.Build.0 = Debug|Any CPU
		{5B666727-B8E3-462F-8B66-351CA7148A46}.Debug|x64.ActiveCfg = Debug|Any CPU
		{5B666727-B8E3-462F-8B66-351CA7148A46}.Debug|x64.Build.0 = Debug|Any CPU
		{5B666727-B8E3-462F-8B66-351CA7148A46}.Debug|x86.ActiveCfg = Debug|Any CPU
		{5B666727-B8E3-462F-8B66-351CA7148A46}.Debug|x86.Build.0 = Debug|Any CPU
		{5B666727-B8E3-462F-8B66-351CA7148A46}.Release|Any CPU.ActiveCfg = Release|Any CPU
		{5B666727-B8E3-462F-8B66-351CA7148A46}.Release|Any CPU.Build.0 = Release|Any CPU
		{5B666727-B8E3-462F-8B66-351CA7148A46}.Release|x64.ActiveCfg = Release|Any CPU
		{5B666727-B8E3-462F-8B66-351CA7148A46}.Release|x64.Build.0 = Release|Any CPU
		{5B666727-B8E3-462F-8B66-351CA7148A46}.Release|x86.ActiveCfg = Release|Any CPU
		{5B666727-B8E3-462F-8B66-351CA7148A46}.Release|x86.Build.0 = Release|Any CPU
		{D3CBF3E1-117D-43CC-99C8-7002F8414B15}.Debug|Any CPU.ActiveCfg = Debug|Any CPU
		{D3CBF3E1-117D-43CC-99C8-7002F8414B15}.Debug|Any CPU.Build.0 = Debug|Any CPU
		{D3CBF3E1-117D-43CC-99C8-7002F8414B15}.Debug|x64.ActiveCfg = Debug|Any CPU
		{D3CBF3E1-117D-43CC-99C8-7002F8414B15}.Debug|x64.Build.0 = Debug|Any CPU
		{D3CBF3E1-117D-43CC-99C8-7002F8414B15}.Debug|x86.ActiveCfg = Debug|Any CPU
		{D3CBF3E1-117D-43CC-99C8-7002F8414B15}.Debug|x86.Build.0 = Debug|Any CPU
		{D3CBF3E1-117D-43CC-99C8-7002F8414B15}.Release|Any CPU.ActiveCfg = Release|Any CPU
		{D3CBF3E1-117D-43CC-99C8-7002F8414B15}.Release|Any CPU.Build.0 = Release|Any CPU
		{D3CBF3E1-117D-43CC-99C8-7002F8414B15}.Release|x64.ActiveCfg = Release|Any CPU
		{D3CBF3E1-117D-43CC-99C8-7002F8414B15}.Release|x64.Build.0 = Release|Any CPU
		{D3CBF3E1-117D-43CC-99C8-7002F8414B15}.Release|x86.ActiveCfg = Release|Any CPU
		{D3CBF3E1-117D-43CC-99C8-7002F8414B15}.Release|x86.Build.0 = Release|Any CPU
		{8822FAF1-7B6E-4258-B671-65C686DED406}.Debug|Any CPU.ActiveCfg = Debug|Any CPU
		{8822FAF1-7B6E-4258-B671-65C686DED406}.Debug|Any CPU.Build.0 = Debug|Any CPU
		{8822FAF1-7B6E-4258-B671-65C686DED406}.Debug|x64.ActiveCfg = Debug|Any CPU
		{8822FAF1-7B6E-4258-B671-65C686DED406}.Debug|x64.Build.0 = Debug|Any CPU
		{8822FAF1-7B6E-4258-B671-65C686DED406}.Debug|x86.ActiveCfg = Debug|Any CPU
		{8822FAF1-7B6E-4258-B671-65C686DED406}.Debug|x86.Build.0 = Debug|Any CPU
		{8822FAF1-7B6E-4258-B671-65C686DED406}.Release|Any CPU.ActiveCfg = Release|Any CPU
		{8822FAF1-7B6E-4258-B671-65C686DED406}.Release|Any CPU.Build.0 = Release|Any CPU
		{8822FAF1-7B6E-4258-B671-65C686DED406}.Release|x64.ActiveCfg = Release|Any CPU
		{8822FAF1-7B6E-4258-B671-65C686DED406}.Release|x64.Build.0 = Release|Any CPU
		{8822FAF1-7B6E-4258-B671-65C686DED406}.Release|x86.ActiveCfg = Release|Any CPU
		{8822FAF1-7B6E-4258-B671-65C686DED406}.Release|x86.Build.0 = Release|Any CPU
		{35F73549-DA47-4886-812E-847FC583F0B5}.Debug|Any CPU.ActiveCfg = Debug|Any CPU
		{35F73549-DA47-4886-812E-847FC583F0B5}.Debug|Any CPU.Build.0 = Debug|Any CPU
		{35F73549-DA47-4886-812E-847FC583F0B5}.Debug|x64.ActiveCfg = Debug|Any CPU
		{35F73549-DA47-4886-812E-847FC583F0B5}.Debug|x64.Build.0 = Debug|Any CPU
		{35F73549-DA47-4886-812E-847FC583F0B5}.Debug|x86.ActiveCfg = Debug|Any CPU
		{35F73549-DA47-4886-812E-847FC583F0B5}.Debug|x86.Build.0 = Debug|Any CPU
		{35F73549-DA47-4886-812E-847FC583F0B5}.Release|Any CPU.ActiveCfg = Release|Any CPU
		{35F73549-DA47-4886-812E-847FC583F0B5}.Release|Any CPU.Build.0 = Release|Any CPU
		{35F73549-DA47-4886-812E-847FC583F0B5}.Release|x64.ActiveCfg = Release|Any CPU
		{35F73549-DA47-4886-812E-847FC583F0B5}.Release|x64.Build.0 = Release|Any CPU
		{35F73549-DA47-4886-812E-847FC583F0B5}.Release|x86.ActiveCfg = Release|Any CPU
		{35F73549-DA47-4886-812E-847FC583F0B5}.Release|x86.Build.0 = Release|Any CPU
		{6BF940F1-0AF8-4739-866A-4912B7CC5DDE}.Debug|Any CPU.ActiveCfg = Debug|Any CPU
		{6BF940F1-0AF8-4739-866A-4912B7CC5DDE}.Debug|Any CPU.Build.0 = Debug|Any CPU
		{6BF940F1-0AF8-4739-866A-4912B7CC5DDE}.Debug|x64.ActiveCfg = Debug|Any CPU
		{6BF940F1-0AF8-4739-866A-4912B7CC5DDE}.Debug|x64.Build.0 = Debug|Any CPU
		{6BF940F1-0AF8-4739-866A-4912B7CC5DDE}.Debug|x86.ActiveCfg = Debug|Any CPU
		{6BF940F1-0AF8-4739-866A-4912B7CC5DDE}.Debug|x86.Build.0 = Debug|Any CPU
		{6BF940F1-0AF8-4739-866A-4912B7CC5DDE}.Release|Any CPU.ActiveCfg = Release|Any CPU
		{6BF940F1-0AF8-4739-866A-4912B7CC5DDE}.Release|Any CPU.Build.0 = Release|Any CPU
		{6BF940F1-0AF8-4739-866A-4912B7CC5DDE}.Release|x64.ActiveCfg = Release|Any CPU
		{6BF940F1-0AF8-4739-866A-4912B7CC5DDE}.Release|x64.Build.0 = Release|Any CPU
		{6BF940F1-0AF8-4739-866A-4912B7CC5DDE}.Release|x86.ActiveCfg = Release|Any CPU
		{6BF940F1-0AF8-4739-866A-4912B7CC5DDE}.Release|x86.Build.0 = Release|Any CPU
		{7EF4A80B-E0BF-4E02-B3AC-3FF780BC2801}.Debug|Any CPU.ActiveCfg = Debug|Any CPU
		{7EF4A80B-E0BF-4E02-B3AC-3FF780BC2801}.Debug|Any CPU.Build.0 = Debug|Any CPU
		{7EF4A80B-E0BF-4E02-B3AC-3FF780BC2801}.Debug|x64.ActiveCfg = Debug|Any CPU
		{7EF4A80B-E0BF-4E02-B3AC-3FF780BC2801}.Debug|x64.Build.0 = Debug|Any CPU
		{7EF4A80B-E0BF-4E02-B3AC-3FF780BC2801}.Debug|x86.ActiveCfg = Debug|Any CPU
		{7EF4A80B-E0BF-4E02-B3AC-3FF780BC2801}.Debug|x86.Build.0 = Debug|Any CPU
		{7EF4A80B-E0BF-4E02-B3AC-3FF780BC2801}.Release|Any CPU.ActiveCfg = Release|Any CPU
		{7EF4A80B-E0BF-4E02-B3AC-3FF780BC2801}.Release|Any CPU.Build.0 = Release|Any CPU
		{7EF4A80B-E0BF-4E02-B3AC-3FF780BC2801}.Release|x64.ActiveCfg = Release|Any CPU
		{7EF4A80B-E0BF-4E02-B3AC-3FF780BC2801}.Release|x64.Build.0 = Release|Any CPU
		{7EF4A80B-E0BF-4E02-B3AC-3FF780BC2801}.Release|x86.ActiveCfg = Release|Any CPU
		{7EF4A80B-E0BF-4E02-B3AC-3FF780BC2801}.Release|x86.Build.0 = Release|Any CPU
		{CCC4B2FB-5BA0-4182-B83C-7BEC63DF7303}.Debug|Any CPU.ActiveCfg = Debug|Any CPU
		{CCC4B2FB-5BA0-4182-B83C-7BEC63DF7303}.Debug|Any CPU.Build.0 = Debug|Any CPU
		{CCC4B2FB-5BA0-4182-B83C-7BEC63DF7303}.Debug|x64.ActiveCfg = Debug|Any CPU
		{CCC4B2FB-5BA0-4182-B83C-7BEC63DF7303}.Debug|x64.Build.0 = Debug|Any CPU
		{CCC4B2FB-5BA0-4182-B83C-7BEC63DF7303}.Debug|x86.ActiveCfg = Debug|Any CPU
		{CCC4B2FB-5BA0-4182-B83C-7BEC63DF7303}.Debug|x86.Build.0 = Debug|Any CPU
		{CCC4B2FB-5BA0-4182-B83C-7BEC63DF7303}.Release|Any CPU.ActiveCfg = Release|Any CPU
		{CCC4B2FB-5BA0-4182-B83C-7BEC63DF7303}.Release|Any CPU.Build.0 = Release|Any CPU
		{CCC4B2FB-5BA0-4182-B83C-7BEC63DF7303}.Release|x64.ActiveCfg = Release|Any CPU
		{CCC4B2FB-5BA0-4182-B83C-7BEC63DF7303}.Release|x64.Build.0 = Release|Any CPU
		{CCC4B2FB-5BA0-4182-B83C-7BEC63DF7303}.Release|x86.ActiveCfg = Release|Any CPU
		{CCC4B2FB-5BA0-4182-B83C-7BEC63DF7303}.Release|x86.Build.0 = Release|Any CPU
		{ECA23C42-1663-4FC9-9C48-881F2B50D020}.Debug|Any CPU.ActiveCfg = Debug|Any CPU
		{ECA23C42-1663-4FC9-9C48-881F2B50D020}.Debug|Any CPU.Build.0 = Debug|Any CPU
		{ECA23C42-1663-4FC9-9C48-881F2B50D020}.Debug|x64.ActiveCfg = Debug|Any CPU
		{ECA23C42-1663-4FC9-9C48-881F2B50D020}.Debug|x64.Build.0 = Debug|Any CPU
		{ECA23C42-1663-4FC9-9C48-881F2B50D020}.Debug|x86.ActiveCfg = Debug|Any CPU
		{ECA23C42-1663-4FC9-9C48-881F2B50D020}.Debug|x86.Build.0 = Debug|Any CPU
		{ECA23C42-1663-4FC9-9C48-881F2B50D020}.Release|Any CPU.ActiveCfg = Release|Any CPU
		{ECA23C42-1663-4FC9-9C48-881F2B50D020}.Release|Any CPU.Build.0 = Release|Any CPU
		{ECA23C42-1663-4FC9-9C48-881F2B50D020}.Release|x64.ActiveCfg = Release|Any CPU
		{ECA23C42-1663-4FC9-9C48-881F2B50D020}.Release|x64.Build.0 = Release|Any CPU
		{ECA23C42-1663-4FC9-9C48-881F2B50D020}.Release|x86.ActiveCfg = Release|Any CPU
		{ECA23C42-1663-4FC9-9C48-881F2B50D020}.Release|x86.Build.0 = Release|Any CPU
		{7D39C641-6DA8-40BB-AA80-E4D106C3D946}.Debug|Any CPU.ActiveCfg = Debug|Any CPU
		{7D39C641-6DA8-40BB-AA80-E4D106C3D946}.Debug|Any CPU.Build.0 = Debug|Any CPU
		{7D39C641-6DA8-40BB-AA80-E4D106C3D946}.Debug|x64.ActiveCfg = Debug|Any CPU
		{7D39C641-6DA8-40BB-AA80-E4D106C3D946}.Debug|x64.Build.0 = Debug|Any CPU
		{7D39C641-6DA8-40BB-AA80-E4D106C3D946}.Debug|x86.ActiveCfg = Debug|Any CPU
		{7D39C641-6DA8-40BB-AA80-E4D106C3D946}.Debug|x86.Build.0 = Debug|Any CPU
		{7D39C641-6DA8-40BB-AA80-E4D106C3D946}.Release|Any CPU.ActiveCfg = Release|Any CPU
		{7D39C641-6DA8-40BB-AA80-E4D106C3D946}.Release|Any CPU.Build.0 = Release|Any CPU
		{7D39C641-6DA8-40BB-AA80-E4D106C3D946}.Release|x64.ActiveCfg = Release|Any CPU
		{7D39C641-6DA8-40BB-AA80-E4D106C3D946}.Release|x64.Build.0 = Release|Any CPU
		{7D39C641-6DA8-40BB-AA80-E4D106C3D946}.Release|x86.ActiveCfg = Release|Any CPU
		{7D39C641-6DA8-40BB-AA80-E4D106C3D946}.Release|x86.Build.0 = Release|Any CPU
		{255FC55A-8732-4C8B-B54C-FCEF5C6C1374}.Debug|Any CPU.ActiveCfg = Debug|Any CPU
		{255FC55A-8732-4C8B-B54C-FCEF5C6C1374}.Debug|Any CPU.Build.0 = Debug|Any CPU
		{255FC55A-8732-4C8B-B54C-FCEF5C6C1374}.Debug|x64.ActiveCfg = Debug|Any CPU
		{255FC55A-8732-4C8B-B54C-FCEF5C6C1374}.Debug|x64.Build.0 = Debug|Any CPU
		{255FC55A-8732-4C8B-B54C-FCEF5C6C1374}.Debug|x86.ActiveCfg = Debug|Any CPU
		{255FC55A-8732-4C8B-B54C-FCEF5C6C1374}.Debug|x86.Build.0 = Debug|Any CPU
		{255FC55A-8732-4C8B-B54C-FCEF5C6C1374}.Release|Any CPU.ActiveCfg = Release|Any CPU
		{255FC55A-8732-4C8B-B54C-FCEF5C6C1374}.Release|Any CPU.Build.0 = Release|Any CPU
		{255FC55A-8732-4C8B-B54C-FCEF5C6C1374}.Release|x64.ActiveCfg = Release|Any CPU
		{255FC55A-8732-4C8B-B54C-FCEF5C6C1374}.Release|x64.Build.0 = Release|Any CPU
		{255FC55A-8732-4C8B-B54C-FCEF5C6C1374}.Release|x86.ActiveCfg = Release|Any CPU
		{255FC55A-8732-4C8B-B54C-FCEF5C6C1374}.Release|x86.Build.0 = Release|Any CPU
		{13191480-799A-4B06-8A27-F1567F105957}.Debug|Any CPU.ActiveCfg = Debug|Any CPU
		{13191480-799A-4B06-8A27-F1567F105957}.Debug|Any CPU.Build.0 = Debug|Any CPU
		{13191480-799A-4B06-8A27-F1567F105957}.Debug|x64.ActiveCfg = Debug|Any CPU
		{13191480-799A-4B06-8A27-F1567F105957}.Debug|x64.Build.0 = Debug|Any CPU
		{13191480-799A-4B06-8A27-F1567F105957}.Debug|x86.ActiveCfg = Debug|Any CPU
		{13191480-799A-4B06-8A27-F1567F105957}.Debug|x86.Build.0 = Debug|Any CPU
		{13191480-799A-4B06-8A27-F1567F105957}.Release|Any CPU.ActiveCfg = Release|Any CPU
		{13191480-799A-4B06-8A27-F1567F105957}.Release|Any CPU.Build.0 = Release|Any CPU
		{13191480-799A-4B06-8A27-F1567F105957}.Release|x64.ActiveCfg = Release|Any CPU
		{13191480-799A-4B06-8A27-F1567F105957}.Release|x64.Build.0 = Release|Any CPU
		{13191480-799A-4B06-8A27-F1567F105957}.Release|x86.ActiveCfg = Release|Any CPU
		{13191480-799A-4B06-8A27-F1567F105957}.Release|x86.Build.0 = Release|Any CPU
		{CB7A675C-8F7F-4857-A025-B076BDAE1245}.Debug|Any CPU.ActiveCfg = Debug|Any CPU
		{CB7A675C-8F7F-4857-A025-B076BDAE1245}.Debug|Any CPU.Build.0 = Debug|Any CPU
		{CB7A675C-8F7F-4857-A025-B076BDAE1245}.Debug|x64.ActiveCfg = Debug|Any CPU
		{CB7A675C-8F7F-4857-A025-B076BDAE1245}.Debug|x64.Build.0 = Debug|Any CPU
		{CB7A675C-8F7F-4857-A025-B076BDAE1245}.Debug|x86.ActiveCfg = Debug|Any CPU
		{CB7A675C-8F7F-4857-A025-B076BDAE1245}.Debug|x86.Build.0 = Debug|Any CPU
		{CB7A675C-8F7F-4857-A025-B076BDAE1245}.Release|Any CPU.ActiveCfg = Release|Any CPU
		{CB7A675C-8F7F-4857-A025-B076BDAE1245}.Release|Any CPU.Build.0 = Release|Any CPU
		{CB7A675C-8F7F-4857-A025-B076BDAE1245}.Release|x64.ActiveCfg = Release|Any CPU
		{CB7A675C-8F7F-4857-A025-B076BDAE1245}.Release|x64.Build.0 = Release|Any CPU
		{CB7A675C-8F7F-4857-A025-B076BDAE1245}.Release|x86.ActiveCfg = Release|Any CPU
		{CB7A675C-8F7F-4857-A025-B076BDAE1245}.Release|x86.Build.0 = Release|Any CPU
		{F80027AA-E9D1-4A33-8094-044820C59E4C}.Debug|Any CPU.ActiveCfg = Debug|Any CPU
		{F80027AA-E9D1-4A33-8094-044820C59E4C}.Debug|Any CPU.Build.0 = Debug|Any CPU
		{F80027AA-E9D1-4A33-8094-044820C59E4C}.Debug|x64.ActiveCfg = Debug|Any CPU
		{F80027AA-E9D1-4A33-8094-044820C59E4C}.Debug|x64.Build.0 = Debug|Any CPU
		{F80027AA-E9D1-4A33-8094-044820C59E4C}.Debug|x86.ActiveCfg = Debug|Any CPU
		{F80027AA-E9D1-4A33-8094-044820C59E4C}.Debug|x86.Build.0 = Debug|Any CPU
		{F80027AA-E9D1-4A33-8094-044820C59E4C}.Release|Any CPU.ActiveCfg = Release|Any CPU
		{F80027AA-E9D1-4A33-8094-044820C59E4C}.Release|Any CPU.Build.0 = Release|Any CPU
		{F80027AA-E9D1-4A33-8094-044820C59E4C}.Release|x64.ActiveCfg = Release|Any CPU
		{F80027AA-E9D1-4A33-8094-044820C59E4C}.Release|x64.Build.0 = Release|Any CPU
		{F80027AA-E9D1-4A33-8094-044820C59E4C}.Release|x86.ActiveCfg = Release|Any CPU
		{F80027AA-E9D1-4A33-8094-044820C59E4C}.Release|x86.Build.0 = Release|Any CPU
		{2CFE0522-E2B1-4569-8FEC-2C7976220DCA}.Debug|Any CPU.ActiveCfg = Debug|Any CPU
		{2CFE0522-E2B1-4569-8FEC-2C7976220DCA}.Debug|Any CPU.Build.0 = Debug|Any CPU
		{2CFE0522-E2B1-4569-8FEC-2C7976220DCA}.Debug|x64.ActiveCfg = Debug|Any CPU
		{2CFE0522-E2B1-4569-8FEC-2C7976220DCA}.Debug|x64.Build.0 = Debug|Any CPU
		{2CFE0522-E2B1-4569-8FEC-2C7976220DCA}.Debug|x86.ActiveCfg = Debug|Any CPU
		{2CFE0522-E2B1-4569-8FEC-2C7976220DCA}.Debug|x86.Build.0 = Debug|Any CPU
		{2CFE0522-E2B1-4569-8FEC-2C7976220DCA}.Release|Any CPU.ActiveCfg = Release|Any CPU
		{2CFE0522-E2B1-4569-8FEC-2C7976220DCA}.Release|Any CPU.Build.0 = Release|Any CPU
		{2CFE0522-E2B1-4569-8FEC-2C7976220DCA}.Release|x64.ActiveCfg = Release|Any CPU
		{2CFE0522-E2B1-4569-8FEC-2C7976220DCA}.Release|x64.Build.0 = Release|Any CPU
		{2CFE0522-E2B1-4569-8FEC-2C7976220DCA}.Release|x86.ActiveCfg = Release|Any CPU
		{2CFE0522-E2B1-4569-8FEC-2C7976220DCA}.Release|x86.Build.0 = Release|Any CPU
		{CD800AAC-F80C-4C60-9D7C-A7DE4FA22496}.Debug|Any CPU.ActiveCfg = Debug|Any CPU
		{CD800AAC-F80C-4C60-9D7C-A7DE4FA22496}.Debug|Any CPU.Build.0 = Debug|Any CPU
		{CD800AAC-F80C-4C60-9D7C-A7DE4FA22496}.Debug|x64.ActiveCfg = Debug|Any CPU
		{CD800AAC-F80C-4C60-9D7C-A7DE4FA22496}.Debug|x64.Build.0 = Debug|Any CPU
		{CD800AAC-F80C-4C60-9D7C-A7DE4FA22496}.Debug|x86.ActiveCfg = Debug|Any CPU
		{CD800AAC-F80C-4C60-9D7C-A7DE4FA22496}.Debug|x86.Build.0 = Debug|Any CPU
		{CD800AAC-F80C-4C60-9D7C-A7DE4FA22496}.Release|Any CPU.ActiveCfg = Release|Any CPU
		{CD800AAC-F80C-4C60-9D7C-A7DE4FA22496}.Release|Any CPU.Build.0 = Release|Any CPU
		{CD800AAC-F80C-4C60-9D7C-A7DE4FA22496}.Release|x64.ActiveCfg = Release|Any CPU
		{CD800AAC-F80C-4C60-9D7C-A7DE4FA22496}.Release|x64.Build.0 = Release|Any CPU
		{CD800AAC-F80C-4C60-9D7C-A7DE4FA22496}.Release|x86.ActiveCfg = Release|Any CPU
		{CD800AAC-F80C-4C60-9D7C-A7DE4FA22496}.Release|x86.Build.0 = Release|Any CPU
		{97C900C5-E5A1-40C5-9874-15C10A549BAE}.Debug|Any CPU.ActiveCfg = Debug|Any CPU
		{97C900C5-E5A1-40C5-9874-15C10A549BAE}.Debug|Any CPU.Build.0 = Debug|Any CPU
		{97C900C5-E5A1-40C5-9874-15C10A549BAE}.Debug|x64.ActiveCfg = Debug|Any CPU
		{97C900C5-E5A1-40C5-9874-15C10A549BAE}.Debug|x64.Build.0 = Debug|Any CPU
		{97C900C5-E5A1-40C5-9874-15C10A549BAE}.Debug|x86.ActiveCfg = Debug|Any CPU
		{97C900C5-E5A1-40C5-9874-15C10A549BAE}.Debug|x86.Build.0 = Debug|Any CPU
		{97C900C5-E5A1-40C5-9874-15C10A549BAE}.Release|Any CPU.ActiveCfg = Release|Any CPU
		{97C900C5-E5A1-40C5-9874-15C10A549BAE}.Release|Any CPU.Build.0 = Release|Any CPU
		{97C900C5-E5A1-40C5-9874-15C10A549BAE}.Release|x64.ActiveCfg = Release|Any CPU
		{97C900C5-E5A1-40C5-9874-15C10A549BAE}.Release|x64.Build.0 = Release|Any CPU
		{97C900C5-E5A1-40C5-9874-15C10A549BAE}.Release|x86.ActiveCfg = Release|Any CPU
		{97C900C5-E5A1-40C5-9874-15C10A549BAE}.Release|x86.Build.0 = Release|Any CPU
		{705DBCEE-9C08-4775-BBB0-7A91D1E4566D}.Debug|Any CPU.ActiveCfg = Debug|Any CPU
		{705DBCEE-9C08-4775-BBB0-7A91D1E4566D}.Debug|Any CPU.Build.0 = Debug|Any CPU
		{705DBCEE-9C08-4775-BBB0-7A91D1E4566D}.Debug|x64.ActiveCfg = Debug|Any CPU
		{705DBCEE-9C08-4775-BBB0-7A91D1E4566D}.Debug|x64.Build.0 = Debug|Any CPU
		{705DBCEE-9C08-4775-BBB0-7A91D1E4566D}.Debug|x86.ActiveCfg = Debug|Any CPU
		{705DBCEE-9C08-4775-BBB0-7A91D1E4566D}.Debug|x86.Build.0 = Debug|Any CPU
		{705DBCEE-9C08-4775-BBB0-7A91D1E4566D}.Release|Any CPU.ActiveCfg = Release|Any CPU
		{705DBCEE-9C08-4775-BBB0-7A91D1E4566D}.Release|Any CPU.Build.0 = Release|Any CPU
		{705DBCEE-9C08-4775-BBB0-7A91D1E4566D}.Release|x64.ActiveCfg = Release|Any CPU
		{705DBCEE-9C08-4775-BBB0-7A91D1E4566D}.Release|x64.Build.0 = Release|Any CPU
		{705DBCEE-9C08-4775-BBB0-7A91D1E4566D}.Release|x86.ActiveCfg = Release|Any CPU
		{705DBCEE-9C08-4775-BBB0-7A91D1E4566D}.Release|x86.Build.0 = Release|Any CPU
	EndGlobalSection
	GlobalSection(SolutionProperties) = preSolution
		HideSolutionNode = FALSE
	EndGlobalSection
	GlobalSection(NestedProjects) = preSolution
		{66AB504B-0D59-4A08-BF34-34D61E2D450B} = {824724FF-DA08-45A1-9316-125D07C25E68}
		{C160BA41-C9E9-40F2-98FF-80C9DE578F20} = {D9643BFC-151A-4F7A-A2DE-9DBFE6B68DCA}
		{BE6B5A53-0FA6-406A-93EF-4ED5129DAE2D} = {D9643BFC-151A-4F7A-A2DE-9DBFE6B68DCA}
		{D9643BFC-151A-4F7A-A2DE-9DBFE6B68DCA} = {A40857DD-368D-4CF0-AFCF-27419F03A6E5}
		{6C98A048-6305-4D31-8C1C-0AB3998E16FF} = {A40857DD-368D-4CF0-AFCF-27419F03A6E5}
		{9B42C781-F2B0-47A2-96A8-B12E3265A0DA} = {6C98A048-6305-4D31-8C1C-0AB3998E16FF}
		{03CE7796-0E40-420C-91D6-420FC4C46603} = {6C98A048-6305-4D31-8C1C-0AB3998E16FF}
		{FE3101A5-E305-4C3B-9556-FDE95C20D00D} = {D9643BFC-151A-4F7A-A2DE-9DBFE6B68DCA}
		{6B931474-CBA3-465A-B209-28CBCFEE041A} = {D9643BFC-151A-4F7A-A2DE-9DBFE6B68DCA}
		{CE3083D4-D6D6-40DA-89B9-993B6A0DEB3C} = {A40857DD-368D-4CF0-AFCF-27419F03A6E5}
		{F20220E2-F7B0-47E4-B99D-220979250D79} = {CE3083D4-D6D6-40DA-89B9-993B6A0DEB3C}
		{8F16342C-D72E-4292-9081-5B83EFF9CD8E} = {CE3083D4-D6D6-40DA-89B9-993B6A0DEB3C}
		{ABFADB2D-6DEB-42C3-BD67-5F908FC7B514} = {A40857DD-368D-4CF0-AFCF-27419F03A6E5}
		{B7EC6DE6-8271-47C6-BA97-E737FF00CBAE} = {824724FF-DA08-45A1-9316-125D07C25E68}
		{57FE8A94-FEB2-43D5-9F7F-3571CD6C9FCF} = {824724FF-DA08-45A1-9316-125D07C25E68}
		{F13C7451-C8A6-4EBA-8B70-7080610810AD} = {824724FF-DA08-45A1-9316-125D07C25E68}
		{BD478438-A17E-48D0-8534-036C877FF77F} = {824724FF-DA08-45A1-9316-125D07C25E68}
		{59E1A80E-5F8A-4D75-9EBB-37E0E6121905} = {824724FF-DA08-45A1-9316-125D07C25E68}
		{7A504BB6-2E7C-4E23-BED1-C4D7B41FCC8A} = {824724FF-DA08-45A1-9316-125D07C25E68}
		{DF38AAD7-387D-4C3E-9A1B-46A37393FA2B} = {824724FF-DA08-45A1-9316-125D07C25E68}
		{DDC50116-09E6-45A5-957A-671EF67DF5A2} = {824724FF-DA08-45A1-9316-125D07C25E68}
		{9A9C505A-FFBE-4103-88DB-F59100BBA720} = {824724FF-DA08-45A1-9316-125D07C25E68}
		{37CFDBFE-C09C-4755-B6FC-E88F5E81C006} = {824724FF-DA08-45A1-9316-125D07C25E68}
		{A8E7E75D-E79F-4553-BAC9-B9DDBA9914D9} = {824724FF-DA08-45A1-9316-125D07C25E68}
		{8F663706-3026-4350-B1E6-9336D8DBD052} = {4DCA7E4A-A2B3-4C46-B12F-D16042527006}
		{D4D3D94C-7EF3-4310-9F7B-E84085DC1B25} = {8F663706-3026-4350-B1E6-9336D8DBD052}
		{488EC305-9C8B-4FD0-9EB0-29A8240AAFC0} = {8F663706-3026-4350-B1E6-9336D8DBD052}
		{DEE89EA1-C066-4EF9-A94F-EB9195DBB6F5} = {4DCA7E4A-A2B3-4C46-B12F-D16042527006}
		{D8F5D1B3-9B2A-4F12-A164-EC99A71B4E2A} = {4DCA7E4A-A2B3-4C46-B12F-D16042527006}
		{2646922F-6C2F-4A3F-839F-DBAF4B26BF0B} = {BDDCFF9E-6CE3-4186-8469-6E17A717E3FF}
		{834054C5-90E8-43BA-81A6-28A4342067A7} = {5DDDD64B-9EB5-4FE2-A0E7-FAAA1FF61037}
		{0904E383-A6DB-4A83-83E9-1CE78A2C7845} = {62F540C4-C010-4F76-9A51-530478D885AC}
		{186A07C1-94D4-48F9-9B07-1296144B4B63} = {8F663706-3026-4350-B1E6-9336D8DBD052}
		{3ED42310-EA04-4D1B-9892-EE0E48A0D4BF} = {8F663706-3026-4350-B1E6-9336D8DBD052}
		{D3CBF3E1-117D-43CC-99C8-7002F8414B15} = {4DCA7E4A-A2B3-4C46-B12F-D16042527006}
		{8822FAF1-7B6E-4258-B671-65C686DED406} = {7389DF99-D7AB-4D92-8429-125AAE26639F}
		{35F73549-DA47-4886-812E-847FC583F0B5} = {7389DF99-D7AB-4D92-8429-125AAE26639F}
		{6BF940F1-0AF8-4739-866A-4912B7CC5DDE} = {7389DF99-D7AB-4D92-8429-125AAE26639F}
		{7EF4A80B-E0BF-4E02-B3AC-3FF780BC2801} = {13301F96-81B5-43B7-9A73-5742A182CB79}
		{CCC4B2FB-5BA0-4182-B83C-7BEC63DF7303} = {13301F96-81B5-43B7-9A73-5742A182CB79}
		{ECA23C42-1663-4FC9-9C48-881F2B50D020} = {13301F96-81B5-43B7-9A73-5742A182CB79}
		{7D39C641-6DA8-40BB-AA80-E4D106C3D946} = {44721CFD-6B8C-4BF7-8F78-ADB9F6E3B884}
		{13191480-799A-4B06-8A27-F1567F105957} = {13301F96-81B5-43B7-9A73-5742A182CB79}
		{CB7A675C-8F7F-4857-A025-B076BDAE1245} = {BAF11480-A3AC-4C75-BA80-1E123B2EFB15}
		{F80027AA-E9D1-4A33-8094-044820C59E4C} = {BAF11480-A3AC-4C75-BA80-1E123B2EFB15}
		{2CFE0522-E2B1-4569-8FEC-2C7976220DCA} = {BAF11480-A3AC-4C75-BA80-1E123B2EFB15}
		{CD800AAC-F80C-4C60-9D7C-A7DE4FA22496} = {4DCA7E4A-A2B3-4C46-B12F-D16042527006}
		{97C900C5-E5A1-40C5-9874-15C10A549BAE} = {7389DF99-D7AB-4D92-8429-125AAE26639F}
		{705DBCEE-9C08-4775-BBB0-7A91D1E4566D} = {7389DF99-D7AB-4D92-8429-125AAE26639F}
	EndGlobalSection
	GlobalSection(ExtensibilityGlobals) = postSolution
		SolutionGuid = {75000B95-AC5E-4F9B-95FD-58F23892C137}
	EndGlobalSection
	GlobalSection(Performance) = preSolution
		HasPerformanceSessions = true
	EndGlobalSection
EndGlobal
